// !$*UTF8*$!
{
	archiveVersion = 1;
	classes = {
	};
	objectVersion = 46;
	objects = {

/* Begin PBXBuildFile section */
		119F01C31788127C00E74817 /* C46AdsViewController.m in Sources */ = {isa = PBXBuildFile; fileRef = 119F01C11788127C00E74817 /* C46AdsViewController.m */; };
		119F01C41788127C00E74817 /* C46AdsViewController.xib in Resources */ = {isa = PBXBuildFile; fileRef = 119F01C21788127C00E74817 /* C46AdsViewController.xib */; };
		119F01CB1788251400E74817 /* C46MyAdsViewController.m in Sources */ = {isa = PBXBuildFile; fileRef = 119F01C91788251400E74817 /* C46MyAdsViewController.m */; };
		119F01CC1788251400E74817 /* C46MyAdsViewController.xib in Resources */ = {isa = PBXBuildFile; fileRef = 119F01CA1788251400E74817 /* C46MyAdsViewController.xib */; };
		11A1E97A1788042B00DACF61 /* C46HomeTabBarController.m in Sources */ = {isa = PBXBuildFile; fileRef = 11A1E9781788042B00DACF61 /* C46HomeTabBarController.m */; };
		11A1E97F1788096400DACF61 /* C46Ad.m in Sources */ = {isa = PBXBuildFile; fileRef = 11A1E97E1788096400DACF61 /* C46Ad.m */; };
		78A746D5178829CF00E4A6F4 /* C46LoginViewController.m in Sources */ = {isa = PBXBuildFile; fileRef = 78A746D3178829CF00E4A6F4 /* C46LoginViewController.m */; };
		78A746D6178829CF00E4A6F4 /* C46LoginViewController.xib in Resources */ = {isa = PBXBuildFile; fileRef = 78A746D4178829CF00E4A6F4 /* C46LoginViewController.xib */; };
		78A746DB17882A7600E4A6F4 /* C46RegisterUserViewController.m in Sources */ = {isa = PBXBuildFile; fileRef = 78A746D917882A7600E4A6F4 /* C46RegisterUserViewController.m */; };
		78A746DC17882A7600E4A6F4 /* C46RegisterUserViewController.xib in Resources */ = {isa = PBXBuildFile; fileRef = 78A746DA17882A7600E4A6F4 /* C46RegisterUserViewController.xib */; };
		94C17D391787CCCE0074D7F7 /* C46AppDelegate.m in Sources */ = {isa = PBXBuildFile; fileRef = 94C17D241787CCCE0074D7F7 /* C46AppDelegate.m */; };
		94C17D451787CCCE0074D7F7 /* main.m in Sources */ = {isa = PBXBuildFile; fileRef = 94C17D361787CCCE0074D7F7 /* main.m */; };
		94C17D4F1787CCD70074D7F7 /* Cipele46Tests.m in Sources */ = {isa = PBXBuildFile; fileRef = 94C17D4B1787CCD70074D7F7 /* Cipele46Tests.m */; };
		94D2134A1787CDB500ADAF7E /* Default-568h@2x.png in Resources */ = {isa = PBXBuildFile; fileRef = 94D213471787CDB500ADAF7E /* Default-568h@2x.png */; };
		94D2134B1787CDB500ADAF7E /* Default.png in Resources */ = {isa = PBXBuildFile; fileRef = 94D213481787CDB500ADAF7E /* Default.png */; };
		94D2134C1787CDB500ADAF7E /* Default@2x.png in Resources */ = {isa = PBXBuildFile; fileRef = 94D213491787CDB500ADAF7E /* Default@2x.png */; };
		94D2135C1787CE8B00ADAF7E /* first.png in Resources */ = {isa = PBXBuildFile; fileRef = 94D213501787CE8B00ADAF7E /* first.png */; };
		94D2135D1787CE8B00ADAF7E /* first@2x.png in Resources */ = {isa = PBXBuildFile; fileRef = 94D213511787CE8B00ADAF7E /* first@2x.png */; };
		94D2135E1787CE8B00ADAF7E /* C46FirstViewController.m in Sources */ = {isa = PBXBuildFile; fileRef = 94D213531787CE8B00ADAF7E /* C46FirstViewController.m */; };
		94D2135F1787CE8B00ADAF7E /* C46FirstViewController.xib in Resources */ = {isa = PBXBuildFile; fileRef = 94D213541787CE8B00ADAF7E /* C46FirstViewController.xib */; };
		94D213601787CE8B00ADAF7E /* second.png in Resources */ = {isa = PBXBuildFile; fileRef = 94D213571787CE8B00ADAF7E /* second.png */; };
		94D213611787CE8B00ADAF7E /* second@2x.png in Resources */ = {isa = PBXBuildFile; fileRef = 94D213581787CE8B00ADAF7E /* second@2x.png */; };
		94D213621787CE8B00ADAF7E /* C46SecondViewController.m in Sources */ = {isa = PBXBuildFile; fileRef = 94D2135A1787CE8B00ADAF7E /* C46SecondViewController.m */; };
		94D213631787CE8B00ADAF7E /* C46SecondViewController.xib in Resources */ = {isa = PBXBuildFile; fileRef = 94D2135B1787CE8B00ADAF7E /* C46SecondViewController.xib */; };
		94D2137F1787FF9500ADAF7E /* AFHTTPClient.m in Sources */ = {isa = PBXBuildFile; fileRef = 94D2136D1787FF9500ADAF7E /* AFHTTPClient.m */; };
		94D213801787FF9500ADAF7E /* AFHTTPRequestOperation.m in Sources */ = {isa = PBXBuildFile; fileRef = 94D2136F1787FF9500ADAF7E /* AFHTTPRequestOperation.m */; };
		94D213811787FF9500ADAF7E /* AFImageRequestOperation.m in Sources */ = {isa = PBXBuildFile; fileRef = 94D213711787FF9500ADAF7E /* AFImageRequestOperation.m */; };
		94D213821787FF9500ADAF7E /* AFJSONRequestOperation.m in Sources */ = {isa = PBXBuildFile; fileRef = 94D213731787FF9500ADAF7E /* AFJSONRequestOperation.m */; };
		94D213831787FF9500ADAF7E /* AFNetworkActivityIndicatorManager.m in Sources */ = {isa = PBXBuildFile; fileRef = 94D213751787FF9500ADAF7E /* AFNetworkActivityIndicatorManager.m */; };
		94D213841787FF9500ADAF7E /* AFPropertyListRequestOperation.m in Sources */ = {isa = PBXBuildFile; fileRef = 94D213781787FF9500ADAF7E /* AFPropertyListRequestOperation.m */; };
		94D213851787FF9500ADAF7E /* AFURLConnectionOperation.m in Sources */ = {isa = PBXBuildFile; fileRef = 94D2137A1787FF9500ADAF7E /* AFURLConnectionOperation.m */; };
		94D213861787FF9500ADAF7E /* AFXMLRequestOperation.m in Sources */ = {isa = PBXBuildFile; fileRef = 94D2137C1787FF9500ADAF7E /* AFXMLRequestOperation.m */; };
		94D213871787FF9500ADAF7E /* UIImageView+AFNetworking.m in Sources */ = {isa = PBXBuildFile; fileRef = 94D2137E1787FF9500ADAF7E /* UIImageView+AFNetworking.m */; };
		94D213891787FFC100ADAF7E /* SystemConfiguration.framework in Frameworks */ = {isa = PBXBuildFile; fileRef = 94D213881787FFC100ADAF7E /* SystemConfiguration.framework */; };
		94D2138B1787FFCA00ADAF7E /* MobileCoreServices.framework in Frameworks */ = {isa = PBXBuildFile; fileRef = 94D2138A1787FFCA00ADAF7E /* MobileCoreServices.framework */; };
		94D2138C1788008500ADAF7E /* SystemConfiguration.framework in Frameworks */ = {isa = PBXBuildFile; fileRef = 94D213881787FFC100ADAF7E /* SystemConfiguration.framework */; };
		94D2138D1788008A00ADAF7E /* MobileCoreServices.framework in Frameworks */ = {isa = PBXBuildFile; fileRef = 94D2138A1787FFCA00ADAF7E /* MobileCoreServices.framework */; };
		94D21394178802E900ADAF7E /* C46ServerCommunicationManager.m in Sources */ = {isa = PBXBuildFile; fileRef = 94D21393178802E900ADAF7E /* C46ServerCommunicationManager.m */; };
		94D2139C1788094400ADAF7E /* JSONKit.m in Sources */ = {isa = PBXBuildFile; fileRef = 94D213991788094400ADAF7E /* JSONKit.m */; settings = {COMPILER_FLAGS = "-fno-objc-arc -Wno-deprecated-objc-isa-usage"; }; };
		94D213A717881C6E00ADAF7E /* C46AdFilterViewController.m in Sources */ = {isa = PBXBuildFile; fileRef = 94D213A517881C6E00ADAF7E /* C46AdFilterViewController.m */; };
		94D213A817881C6E00ADAF7E /* C46AdFilterViewController.xib in Resources */ = {isa = PBXBuildFile; fileRef = 94D213A617881C6E00ADAF7E /* C46AdFilterViewController.xib */; };
		94D213AC178827EA00ADAF7E /* Localizable.strings in Resources */ = {isa = PBXBuildFile; fileRef = 94D213AE178827EA00ADAF7E /* Localizable.strings */; };
		94EF264A1787CB8800BE46E3 /* UIKit.framework in Frameworks */ = {isa = PBXBuildFile; fileRef = 94EF26491787CB8800BE46E3 /* UIKit.framework */; };
		94EF264C1787CB8800BE46E3 /* Foundation.framework in Frameworks */ = {isa = PBXBuildFile; fileRef = 94EF264B1787CB8800BE46E3 /* Foundation.framework */; };
		94EF264E1787CB8800BE46E3 /* CoreGraphics.framework in Frameworks */ = {isa = PBXBuildFile; fileRef = 94EF264D1787CB8800BE46E3 /* CoreGraphics.framework */; };
		94EF267C1787CB8800BE46E3 /* SenTestingKit.framework in Frameworks */ = {isa = PBXBuildFile; fileRef = 94EF267B1787CB8800BE46E3 /* SenTestingKit.framework */; };
		94EF267D1787CB8800BE46E3 /* UIKit.framework in Frameworks */ = {isa = PBXBuildFile; fileRef = 94EF26491787CB8800BE46E3 /* UIKit.framework */; };
		94EF267E1787CB8800BE46E3 /* Foundation.framework in Frameworks */ = {isa = PBXBuildFile; fileRef = 94EF264B1787CB8800BE46E3 /* Foundation.framework */; };
		C2C0FD9B1788047900AD355B /* FacebookSDK.framework in Frameworks */ = {isa = PBXBuildFile; fileRef = C2C0FD9A1788047900AD355B /* FacebookSDK.framework */; };
		C2C0FD9F1788085500AD355B /* C46FacebookConnect.m in Sources */ = {isa = PBXBuildFile; fileRef = C2C0FD9E1788085500AD355B /* C46FacebookConnect.m */; };
		C2C0FDA2178809CB00AD355B /* C46UserInfo.m in Sources */ = {isa = PBXBuildFile; fileRef = C2C0FDA1178809CB00AD355B /* C46UserInfo.m */; };
		C2C0FDA6178813C900AD355B /* NSString+URLEncoding.m in Sources */ = {isa = PBXBuildFile; fileRef = C2C0FDA5178813C900AD355B /* NSString+URLEncoding.m */; };
		C2C0FDA81788144A00AD355B /* Security.framework in Frameworks */ = {isa = PBXBuildFile; fileRef = C2C0FDA71788144A00AD355B /* Security.framework */; settings = {ATTRIBUTES = (Weak, ); }; };
		C2C0FDAA1788145000AD355B /* Social.framework in Frameworks */ = {isa = PBXBuildFile; fileRef = C2C0FDA91788145000AD355B /* Social.framework */; settings = {ATTRIBUTES = (Weak, ); }; };
		C2C0FDAC1788148A00AD355B /* Accounts.framework in Frameworks */ = {isa = PBXBuildFile; fileRef = C2C0FDAB1788148A00AD355B /* Accounts.framework */; settings = {ATTRIBUTES = (Weak, ); }; };
		C2C0FDAE1788149400AD355B /* AdSupport.framework in Frameworks */ = {isa = PBXBuildFile; fileRef = C2C0FDAD1788149400AD355B /* AdSupport.framework */; settings = {ATTRIBUTES = (Weak, ); }; };
		C2C0FDB0178814A000AD355B /* libsqlite3.dylib in Frameworks */ = {isa = PBXBuildFile; fileRef = C2C0FDAF178814A000AD355B /* libsqlite3.dylib */; settings = {ATTRIBUTES = (Weak, ); }; };
/* End PBXBuildFile section */

/* Begin PBXContainerItemProxy section */
		94EF267F1787CB8800BE46E3 /* PBXContainerItemProxy */ = {
			isa = PBXContainerItemProxy;
			containerPortal = 94EF263E1787CB8800BE46E3 /* Project object */;
			proxyType = 1;
			remoteGlobalIDString = 94EF26451787CB8800BE46E3;
			remoteInfo = Cipele46;
		};
/* End PBXContainerItemProxy section */

/* Begin PBXFileReference section */
		119F01C01788127C00E74817 /* C46AdsViewController.h */ = {isa = PBXFileReference; fileEncoding = 4; lastKnownFileType = sourcecode.c.h; name = C46AdsViewController.h; path = C46AdsViewController/C46AdsViewController.h; sourceTree = "<group>"; };
		119F01C11788127C00E74817 /* C46AdsViewController.m */ = {isa = PBXFileReference; fileEncoding = 4; lastKnownFileType = sourcecode.c.objc; name = C46AdsViewController.m; path = C46AdsViewController/C46AdsViewController.m; sourceTree = "<group>"; };
		119F01C21788127C00E74817 /* C46AdsViewController.xib */ = {isa = PBXFileReference; fileEncoding = 4; lastKnownFileType = file.xib; name = C46AdsViewController.xib; path = C46AdsViewController/C46AdsViewController.xib; sourceTree = "<group>"; };
		119F01C717881CB000E74817 /* C46AdsViewControllerDelegate.h */ = {isa = PBXFileReference; fileEncoding = 4; lastKnownFileType = sourcecode.c.h; name = C46AdsViewControllerDelegate.h; path = C46HomeTabBarController/C46AdsViewControllerDelegate.h; sourceTree = "<group>"; };
		119F01C81788251300E74817 /* C46MyAdsViewController.h */ = {isa = PBXFileReference; fileEncoding = 4; lastKnownFileType = sourcecode.c.h; name = C46MyAdsViewController.h; path = C46MyAdsViewController/C46MyAdsViewController.h; sourceTree = "<group>"; };
		119F01C91788251400E74817 /* C46MyAdsViewController.m */ = {isa = PBXFileReference; fileEncoding = 4; lastKnownFileType = sourcecode.c.objc; name = C46MyAdsViewController.m; path = C46MyAdsViewController/C46MyAdsViewController.m; sourceTree = "<group>"; };
		119F01CA1788251400E74817 /* C46MyAdsViewController.xib */ = {isa = PBXFileReference; fileEncoding = 4; lastKnownFileType = file.xib; name = C46MyAdsViewController.xib; path = C46MyAdsViewController/C46MyAdsViewController.xib; sourceTree = "<group>"; };
		11A1E9771788042B00DACF61 /* C46HomeTabBarController.h */ = {isa = PBXFileReference; fileEncoding = 4; lastKnownFileType = sourcecode.c.h; name = C46HomeTabBarController.h; path = C46HomeTabBarController/C46HomeTabBarController.h; sourceTree = "<group>"; };
		11A1E9781788042B00DACF61 /* C46HomeTabBarController.m */ = {isa = PBXFileReference; fileEncoding = 4; lastKnownFileType = sourcecode.c.objc; name = C46HomeTabBarController.m; path = C46HomeTabBarController/C46HomeTabBarController.m; sourceTree = "<group>"; };
		11A1E97D1788096400DACF61 /* C46Ad.h */ = {isa = PBXFileReference; fileEncoding = 4; lastKnownFileType = sourcecode.c.h; name = C46Ad.h; path = Model/C46Ad.h; sourceTree = "<group>"; };
		11A1E97E1788096400DACF61 /* C46Ad.m */ = {isa = PBXFileReference; fileEncoding = 4; lastKnownFileType = sourcecode.c.objc; name = C46Ad.m; path = Model/C46Ad.m; sourceTree = "<group>"; };
		78A746D2178829CF00E4A6F4 /* C46LoginViewController.h */ = {isa = PBXFileReference; fileEncoding = 4; lastKnownFileType = sourcecode.c.h; path = C46LoginViewController.h; sourceTree = "<group>"; };
		78A746D3178829CF00E4A6F4 /* C46LoginViewController.m */ = {isa = PBXFileReference; fileEncoding = 4; lastKnownFileType = sourcecode.c.objc; path = C46LoginViewController.m; sourceTree = "<group>"; };
		78A746D4178829CF00E4A6F4 /* C46LoginViewController.xib */ = {isa = PBXFileReference; fileEncoding = 4; lastKnownFileType = file.xib; path = C46LoginViewController.xib; sourceTree = "<group>"; };
		78A746D817882A7600E4A6F4 /* C46RegisterUserViewController.h */ = {isa = PBXFileReference; fileEncoding = 4; lastKnownFileType = sourcecode.c.h; name = C46RegisterUserViewController.h; path = RegisterUserViewController/C46RegisterUserViewController.h; sourceTree = "<group>"; };
		78A746D917882A7600E4A6F4 /* C46RegisterUserViewController.m */ = {isa = PBXFileReference; fileEncoding = 4; lastKnownFileType = sourcecode.c.objc; name = C46RegisterUserViewController.m; path = RegisterUserViewController/C46RegisterUserViewController.m; sourceTree = "<group>"; };
		78A746DA17882A7600E4A6F4 /* C46RegisterUserViewController.xib */ = {isa = PBXFileReference; fileEncoding = 4; lastKnownFileType = file.xib; name = C46RegisterUserViewController.xib; path = RegisterUserViewController/C46RegisterUserViewController.xib; sourceTree = "<group>"; };
		94C17D231787CCCE0074D7F7 /* C46AppDelegate.h */ = {isa = PBXFileReference; fileEncoding = 4; lastKnownFileType = sourcecode.c.h; path = C46AppDelegate.h; sourceTree = "<group>"; };
		94C17D241787CCCE0074D7F7 /* C46AppDelegate.m */ = {isa = PBXFileReference; fileEncoding = 4; lastKnownFileType = sourcecode.c.objc; path = C46AppDelegate.m; sourceTree = "<group>"; };
		94C17D361787CCCE0074D7F7 /* main.m */ = {isa = PBXFileReference; fileEncoding = 4; lastKnownFileType = sourcecode.c.objc; path = main.m; sourceTree = "<group>"; };
		94C17D491787CCD70074D7F7 /* Cipele46Tests-Info.plist */ = {isa = PBXFileReference; fileEncoding = 4; lastKnownFileType = text.plist.xml; path = "Cipele46Tests-Info.plist"; sourceTree = "<group>"; };
		94C17D4A1787CCD70074D7F7 /* Cipele46Tests.h */ = {isa = PBXFileReference; fileEncoding = 4; lastKnownFileType = sourcecode.c.h; path = Cipele46Tests.h; sourceTree = "<group>"; };
		94C17D4B1787CCD70074D7F7 /* Cipele46Tests.m */ = {isa = PBXFileReference; fileEncoding = 4; lastKnownFileType = sourcecode.c.objc; path = Cipele46Tests.m; sourceTree = "<group>"; };
		94C17D4D1787CCD70074D7F7 /* en */ = {isa = PBXFileReference; lastKnownFileType = text.plist.strings; name = en; path = en.lproj/InfoPlist.strings; sourceTree = "<group>"; };
		94D213471787CDB500ADAF7E /* Default-568h@2x.png */ = {isa = PBXFileReference; lastKnownFileType = image.png; path = "Default-568h@2x.png"; sourceTree = "<group>"; };
		94D213481787CDB500ADAF7E /* Default.png */ = {isa = PBXFileReference; lastKnownFileType = image.png; path = Default.png; sourceTree = "<group>"; };
		94D213491787CDB500ADAF7E /* Default@2x.png */ = {isa = PBXFileReference; lastKnownFileType = image.png; path = "Default@2x.png"; sourceTree = "<group>"; };
		94D213501787CE8B00ADAF7E /* first.png */ = {isa = PBXFileReference; lastKnownFileType = image.png; path = first.png; sourceTree = "<group>"; };
		94D213511787CE8B00ADAF7E /* first@2x.png */ = {isa = PBXFileReference; lastKnownFileType = image.png; path = "first@2x.png"; sourceTree = "<group>"; };
		94D213521787CE8B00ADAF7E /* C46FirstViewController.h */ = {isa = PBXFileReference; fileEncoding = 4; lastKnownFileType = sourcecode.c.h; path = C46FirstViewController.h; sourceTree = "<group>"; };
		94D213531787CE8B00ADAF7E /* C46FirstViewController.m */ = {isa = PBXFileReference; fileEncoding = 4; lastKnownFileType = sourcecode.c.objc; path = C46FirstViewController.m; sourceTree = "<group>"; };
		94D213541787CE8B00ADAF7E /* C46FirstViewController.xib */ = {isa = PBXFileReference; fileEncoding = 4; lastKnownFileType = file.xib; path = C46FirstViewController.xib; sourceTree = "<group>"; };
		94D213571787CE8B00ADAF7E /* second.png */ = {isa = PBXFileReference; lastKnownFileType = image.png; path = second.png; sourceTree = "<group>"; };
		94D213581787CE8B00ADAF7E /* second@2x.png */ = {isa = PBXFileReference; lastKnownFileType = image.png; path = "second@2x.png"; sourceTree = "<group>"; };
		94D213591787CE8B00ADAF7E /* C46SecondViewController.h */ = {isa = PBXFileReference; fileEncoding = 4; lastKnownFileType = sourcecode.c.h; path = C46SecondViewController.h; sourceTree = "<group>"; };
		94D2135A1787CE8B00ADAF7E /* C46SecondViewController.m */ = {isa = PBXFileReference; fileEncoding = 4; lastKnownFileType = sourcecode.c.objc; path = C46SecondViewController.m; sourceTree = "<group>"; };
		94D2135B1787CE8B00ADAF7E /* C46SecondViewController.xib */ = {isa = PBXFileReference; fileEncoding = 4; lastKnownFileType = file.xib; path = C46SecondViewController.xib; sourceTree = "<group>"; };
		94D213651787CECC00ADAF7E /* Cipele46-Info.plist */ = {isa = PBXFileReference; fileEncoding = 4; lastKnownFileType = text.plist.xml; path = "Cipele46-Info.plist"; sourceTree = "<group>"; };
		94D213661787CECC00ADAF7E /* Cipele46-Prefix.pch */ = {isa = PBXFileReference; fileEncoding = 4; lastKnownFileType = sourcecode.c.h; path = "Cipele46-Prefix.pch"; sourceTree = "<group>"; };
		94D213691787D01E00ADAF7E /* todo */ = {isa = PBXFileReference; lastKnownFileType = text; path = todo; sourceTree = "<group>"; };
		94D2136C1787FF9500ADAF7E /* AFHTTPClient.h */ = {isa = PBXFileReference; fileEncoding = 4; lastKnownFileType = sourcecode.c.h; path = AFHTTPClient.h; sourceTree = "<group>"; };
		94D2136D1787FF9500ADAF7E /* AFHTTPClient.m */ = {isa = PBXFileReference; fileEncoding = 4; lastKnownFileType = sourcecode.c.objc; path = AFHTTPClient.m; sourceTree = "<group>"; };
		94D2136E1787FF9500ADAF7E /* AFHTTPRequestOperation.h */ = {isa = PBXFileReference; fileEncoding = 4; lastKnownFileType = sourcecode.c.h; path = AFHTTPRequestOperation.h; sourceTree = "<group>"; };
		94D2136F1787FF9500ADAF7E /* AFHTTPRequestOperation.m */ = {isa = PBXFileReference; fileEncoding = 4; lastKnownFileType = sourcecode.c.objc; path = AFHTTPRequestOperation.m; sourceTree = "<group>"; };
		94D213701787FF9500ADAF7E /* AFImageRequestOperation.h */ = {isa = PBXFileReference; fileEncoding = 4; lastKnownFileType = sourcecode.c.h; path = AFImageRequestOperation.h; sourceTree = "<group>"; };
		94D213711787FF9500ADAF7E /* AFImageRequestOperation.m */ = {isa = PBXFileReference; fileEncoding = 4; lastKnownFileType = sourcecode.c.objc; path = AFImageRequestOperation.m; sourceTree = "<group>"; };
		94D213721787FF9500ADAF7E /* AFJSONRequestOperation.h */ = {isa = PBXFileReference; fileEncoding = 4; lastKnownFileType = sourcecode.c.h; path = AFJSONRequestOperation.h; sourceTree = "<group>"; };
		94D213731787FF9500ADAF7E /* AFJSONRequestOperation.m */ = {isa = PBXFileReference; fileEncoding = 4; lastKnownFileType = sourcecode.c.objc; path = AFJSONRequestOperation.m; sourceTree = "<group>"; };
		94D213741787FF9500ADAF7E /* AFNetworkActivityIndicatorManager.h */ = {isa = PBXFileReference; fileEncoding = 4; lastKnownFileType = sourcecode.c.h; path = AFNetworkActivityIndicatorManager.h; sourceTree = "<group>"; };
		94D213751787FF9500ADAF7E /* AFNetworkActivityIndicatorManager.m */ = {isa = PBXFileReference; fileEncoding = 4; lastKnownFileType = sourcecode.c.objc; path = AFNetworkActivityIndicatorManager.m; sourceTree = "<group>"; };
		94D213761787FF9500ADAF7E /* AFNetworking.h */ = {isa = PBXFileReference; fileEncoding = 4; lastKnownFileType = sourcecode.c.h; path = AFNetworking.h; sourceTree = "<group>"; };
		94D213771787FF9500ADAF7E /* AFPropertyListRequestOperation.h */ = {isa = PBXFileReference; fileEncoding = 4; lastKnownFileType = sourcecode.c.h; path = AFPropertyListRequestOperation.h; sourceTree = "<group>"; };
		94D213781787FF9500ADAF7E /* AFPropertyListRequestOperation.m */ = {isa = PBXFileReference; fileEncoding = 4; lastKnownFileType = sourcecode.c.objc; path = AFPropertyListRequestOperation.m; sourceTree = "<group>"; };
		94D213791787FF9500ADAF7E /* AFURLConnectionOperation.h */ = {isa = PBXFileReference; fileEncoding = 4; lastKnownFileType = sourcecode.c.h; path = AFURLConnectionOperation.h; sourceTree = "<group>"; };
		94D2137A1787FF9500ADAF7E /* AFURLConnectionOperation.m */ = {isa = PBXFileReference; fileEncoding = 4; lastKnownFileType = sourcecode.c.objc; path = AFURLConnectionOperation.m; sourceTree = "<group>"; };
		94D2137B1787FF9500ADAF7E /* AFXMLRequestOperation.h */ = {isa = PBXFileReference; fileEncoding = 4; lastKnownFileType = sourcecode.c.h; path = AFXMLRequestOperation.h; sourceTree = "<group>"; };
		94D2137C1787FF9500ADAF7E /* AFXMLRequestOperation.m */ = {isa = PBXFileReference; fileEncoding = 4; lastKnownFileType = sourcecode.c.objc; path = AFXMLRequestOperation.m; sourceTree = "<group>"; };
		94D2137D1787FF9500ADAF7E /* UIImageView+AFNetworking.h */ = {isa = PBXFileReference; fileEncoding = 4; lastKnownFileType = sourcecode.c.h; path = "UIImageView+AFNetworking.h"; sourceTree = "<group>"; };
		94D2137E1787FF9500ADAF7E /* UIImageView+AFNetworking.m */ = {isa = PBXFileReference; fileEncoding = 4; lastKnownFileType = sourcecode.c.objc; path = "UIImageView+AFNetworking.m"; sourceTree = "<group>"; };
		94D213881787FFC100ADAF7E /* SystemConfiguration.framework */ = {isa = PBXFileReference; lastKnownFileType = wrapper.framework; name = SystemConfiguration.framework; path = System/Library/Frameworks/SystemConfiguration.framework; sourceTree = SDKROOT; };
		94D2138A1787FFCA00ADAF7E /* MobileCoreServices.framework */ = {isa = PBXFileReference; lastKnownFileType = wrapper.framework; name = MobileCoreServices.framework; path = System/Library/Frameworks/MobileCoreServices.framework; sourceTree = SDKROOT; };
		94D21392178802E900ADAF7E /* C46ServerCommunicationManager.h */ = {isa = PBXFileReference; fileEncoding = 4; lastKnownFileType = sourcecode.c.h; path = C46ServerCommunicationManager.h; sourceTree = "<group>"; };
		94D21393178802E900ADAF7E /* C46ServerCommunicationManager.m */ = {isa = PBXFileReference; fileEncoding = 4; lastKnownFileType = sourcecode.c.objc; path = C46ServerCommunicationManager.m; sourceTree = "<group>"; };
		94D213971788094400ADAF7E /* CHANGELOG.md */ = {isa = PBXFileReference; fileEncoding = 4; lastKnownFileType = text; path = CHANGELOG.md; sourceTree = "<group>"; };
		94D213981788094400ADAF7E /* JSONKit.h */ = {isa = PBXFileReference; fileEncoding = 4; lastKnownFileType = sourcecode.c.h; path = JSONKit.h; sourceTree = "<group>"; };
		94D213991788094400ADAF7E /* JSONKit.m */ = {isa = PBXFileReference; fileEncoding = 4; lastKnownFileType = sourcecode.c.objc; path = JSONKit.m; sourceTree = "<group>"; };
		94D2139A1788094400ADAF7E /* README.md */ = {isa = PBXFileReference; fileEncoding = 4; lastKnownFileType = text; path = README.md; sourceTree = "<group>"; };
		94D213A417881C6E00ADAF7E /* C46AdFilterViewController.h */ = {isa = PBXFileReference; fileEncoding = 4; lastKnownFileType = sourcecode.c.h; path = C46AdFilterViewController.h; sourceTree = "<group>"; };
		94D213A517881C6E00ADAF7E /* C46AdFilterViewController.m */ = {isa = PBXFileReference; fileEncoding = 4; lastKnownFileType = sourcecode.c.objc; path = C46AdFilterViewController.m; sourceTree = "<group>"; };
		94D213A617881C6E00ADAF7E /* C46AdFilterViewController.xib */ = {isa = PBXFileReference; fileEncoding = 4; lastKnownFileType = file.xib; path = C46AdFilterViewController.xib; sourceTree = "<group>"; };
		94D213AB178827DB00ADAF7E /* hr */ = {isa = PBXFileReference; lastKnownFileType = text.plist.strings; name = hr; path = hr.lproj/InfoPlist.strings; sourceTree = "<group>"; };
		94D213AD178827EA00ADAF7E /* hr */ = {isa = PBXFileReference; lastKnownFileType = text.plist.strings; name = hr; path = hr.lproj/Localizable.strings; sourceTree = "<group>"; };
		94D213AF178827EF00ADAF7E /* en */ = {isa = PBXFileReference; lastKnownFileType = text.plist.strings; name = en; path = en.lproj/Localizable.strings; sourceTree = "<group>"; };
		94EF26461787CB8800BE46E3 /* Cipele46.app */ = {isa = PBXFileReference; explicitFileType = wrapper.application; includeInIndex = 0; path = Cipele46.app; sourceTree = BUILT_PRODUCTS_DIR; };
		94EF26491787CB8800BE46E3 /* UIKit.framework */ = {isa = PBXFileReference; lastKnownFileType = wrapper.framework; name = UIKit.framework; path = System/Library/Frameworks/UIKit.framework; sourceTree = SDKROOT; };
		94EF264B1787CB8800BE46E3 /* Foundation.framework */ = {isa = PBXFileReference; lastKnownFileType = wrapper.framework; name = Foundation.framework; path = System/Library/Frameworks/Foundation.framework; sourceTree = SDKROOT; };
		94EF264D1787CB8800BE46E3 /* CoreGraphics.framework */ = {isa = PBXFileReference; lastKnownFileType = wrapper.framework; name = CoreGraphics.framework; path = System/Library/Frameworks/CoreGraphics.framework; sourceTree = SDKROOT; };
		94EF267A1787CB8800BE46E3 /* Cipele46Tests.octest */ = {isa = PBXFileReference; explicitFileType = wrapper.cfbundle; includeInIndex = 0; path = Cipele46Tests.octest; sourceTree = BUILT_PRODUCTS_DIR; };
		94EF267B1787CB8800BE46E3 /* SenTestingKit.framework */ = {isa = PBXFileReference; lastKnownFileType = wrapper.framework; name = SenTestingKit.framework; path = Library/Frameworks/SenTestingKit.framework; sourceTree = DEVELOPER_DIR; };
		C2C0FD9A1788047900AD355B /* FacebookSDK.framework */ = {isa = PBXFileReference; lastKnownFileType = wrapper.framework; name = FacebookSDK.framework; path = 3rdParty/FacebookSDK.framework; sourceTree = "<group>"; };
		C2C0FD9D1788085500AD355B /* C46FacebookConnect.h */ = {isa = PBXFileReference; fileEncoding = 4; lastKnownFileType = sourcecode.c.h; name = C46FacebookConnect.h; path = UserManagement/C46FacebookConnect.h; sourceTree = "<group>"; };
		C2C0FD9E1788085500AD355B /* C46FacebookConnect.m */ = {isa = PBXFileReference; fileEncoding = 4; lastKnownFileType = sourcecode.c.objc; name = C46FacebookConnect.m; path = UserManagement/C46FacebookConnect.m; sourceTree = "<group>"; };
		C2C0FDA0178809CB00AD355B /* C46UserInfo.h */ = {isa = PBXFileReference; fileEncoding = 4; lastKnownFileType = sourcecode.c.h; name = C46UserInfo.h; path = UserManagement/C46UserInfo.h; sourceTree = "<group>"; };
		C2C0FDA1178809CB00AD355B /* C46UserInfo.m */ = {isa = PBXFileReference; fileEncoding = 4; lastKnownFileType = sourcecode.c.objc; name = C46UserInfo.m; path = UserManagement/C46UserInfo.m; sourceTree = "<group>"; };
		C2C0FDA4178813C900AD355B /* NSString+URLEncoding.h */ = {isa = PBXFileReference; fileEncoding = 4; lastKnownFileType = sourcecode.c.h; name = "NSString+URLEncoding.h"; path = "Utils/NSString+URLEncoding.h"; sourceTree = "<group>"; };
		C2C0FDA5178813C900AD355B /* NSString+URLEncoding.m */ = {isa = PBXFileReference; fileEncoding = 4; lastKnownFileType = sourcecode.c.objc; name = "NSString+URLEncoding.m"; path = "Utils/NSString+URLEncoding.m"; sourceTree = "<group>"; };
		C2C0FDA71788144A00AD355B /* Security.framework */ = {isa = PBXFileReference; lastKnownFileType = wrapper.framework; name = Security.framework; path = System/Library/Frameworks/Security.framework; sourceTree = SDKROOT; };
		C2C0FDA91788145000AD355B /* Social.framework */ = {isa = PBXFileReference; lastKnownFileType = wrapper.framework; name = Social.framework; path = System/Library/Frameworks/Social.framework; sourceTree = SDKROOT; };
		C2C0FDAB1788148A00AD355B /* Accounts.framework */ = {isa = PBXFileReference; lastKnownFileType = wrapper.framework; name = Accounts.framework; path = System/Library/Frameworks/Accounts.framework; sourceTree = SDKROOT; };
		C2C0FDAD1788149400AD355B /* AdSupport.framework */ = {isa = PBXFileReference; lastKnownFileType = wrapper.framework; name = AdSupport.framework; path = System/Library/Frameworks/AdSupport.framework; sourceTree = SDKROOT; };
		C2C0FDAF178814A000AD355B /* libsqlite3.dylib */ = {isa = PBXFileReference; lastKnownFileType = "compiled.mach-o.dylib"; name = libsqlite3.dylib; path = usr/lib/libsqlite3.dylib; sourceTree = SDKROOT; };
/* End PBXFileReference section */

/* Begin PBXFrameworksBuildPhase section */
		94EF26431787CB8800BE46E3 /* Frameworks */ = {
			isa = PBXFrameworksBuildPhase;
			buildActionMask = 2147483647;
			files = (
				C2C0FDB0178814A000AD355B /* libsqlite3.dylib in Frameworks */,
				C2C0FDAE1788149400AD355B /* AdSupport.framework in Frameworks */,
				C2C0FDAC1788148A00AD355B /* Accounts.framework in Frameworks */,
				C2C0FDAA1788145000AD355B /* Social.framework in Frameworks */,
				C2C0FDA81788144A00AD355B /* Security.framework in Frameworks */,
				94D2138D1788008A00ADAF7E /* MobileCoreServices.framework in Frameworks */,
				94D2138C1788008500ADAF7E /* SystemConfiguration.framework in Frameworks */,
				94EF264A1787CB8800BE46E3 /* UIKit.framework in Frameworks */,
				94EF264C1787CB8800BE46E3 /* Foundation.framework in Frameworks */,
				94EF264E1787CB8800BE46E3 /* CoreGraphics.framework in Frameworks */,
				C2C0FD9B1788047900AD355B /* FacebookSDK.framework in Frameworks */,
			);
			runOnlyForDeploymentPostprocessing = 0;
		};
		94EF26761787CB8800BE46E3 /* Frameworks */ = {
			isa = PBXFrameworksBuildPhase;
			buildActionMask = 2147483647;
			files = (
				94D2138B1787FFCA00ADAF7E /* MobileCoreServices.framework in Frameworks */,
				94D213891787FFC100ADAF7E /* SystemConfiguration.framework in Frameworks */,
				94EF267C1787CB8800BE46E3 /* SenTestingKit.framework in Frameworks */,
				94EF267D1787CB8800BE46E3 /* UIKit.framework in Frameworks */,
				94EF267E1787CB8800BE46E3 /* Foundation.framework in Frameworks */,
			);
			runOnlyForDeploymentPostprocessing = 0;
		};
/* End PBXFrameworksBuildPhase section */

/* Begin PBXGroup section */
		119F01C51788128300E74817 /* C46AdsViewController */ = {
			isa = PBXGroup;
			children = (
				119F01C01788127C00E74817 /* C46AdsViewController.h */,
				119F01C11788127C00E74817 /* C46AdsViewController.m */,
				119F01C21788127C00E74817 /* C46AdsViewController.xib */,
			);
			name = C46AdsViewController;
			sourceTree = "<group>";
		};
		119F01CD1788251F00E74817 /* C46MyAdsViewController */ = {
			isa = PBXGroup;
			children = (
				119F01C81788251300E74817 /* C46MyAdsViewController.h */,
				119F01C91788251400E74817 /* C46MyAdsViewController.m */,
				119F01CA1788251400E74817 /* C46MyAdsViewController.xib */,
			);
			name = C46MyAdsViewController;
			sourceTree = "<group>";
		};
		11A1E97C1788048E00DACF61 /* C46HomeTabBarController */ = {
			isa = PBXGroup;
			children = (
				11A1E9771788042B00DACF61 /* C46HomeTabBarController.h */,
				11A1E9781788042B00DACF61 /* C46HomeTabBarController.m */,
				119F01C717881CB000E74817 /* C46AdsViewControllerDelegate.h */,
			);
			name = C46HomeTabBarController;
			sourceTree = "<group>";
		};
		11A1E9801788096C00DACF61 /* Model */ = {
			isa = PBXGroup;
			children = (
				11A1E97D1788096400DACF61 /* C46Ad.h */,
				11A1E97E1788096400DACF61 /* C46Ad.m */,
			);
			name = Model;
			sourceTree = "<group>";
		};
		78A746D1178829CF00E4A6F4 /* LoginViewController */ = {
			isa = PBXGroup;
			children = (
				78A746D2178829CF00E4A6F4 /* C46LoginViewController.h */,
				78A746D3178829CF00E4A6F4 /* C46LoginViewController.m */,
				78A746D4178829CF00E4A6F4 /* C46LoginViewController.xib */,
			);
			path = LoginViewController;
			sourceTree = "<group>";
		};
		78A746D717882A2500E4A6F4 /* RegisterUserViewController */ = {
			isa = PBXGroup;
			children = (
				78A746D817882A7600E4A6F4 /* C46RegisterUserViewController.h */,
				78A746D917882A7600E4A6F4 /* C46RegisterUserViewController.m */,
				78A746DA17882A7600E4A6F4 /* C46RegisterUserViewController.xib */,
			);
			name = RegisterUserViewController;
			sourceTree = "<group>";
		};
		94C17D221787CCCE0074D7F7 /* Cipele46 */ = {
			isa = PBXGroup;
			children = (
				94D213461787CDB500ADAF7E /* Assets */,
				94D2134D1787CE8B00ADAF7E /* Classes */,
				94D213681787D01E00ADAF7E /* Documentation */,
				94D213641787CECC00ADAF7E /* SupportingFiles */,
				94C17D231787CCCE0074D7F7 /* C46AppDelegate.h */,
				94C17D241787CCCE0074D7F7 /* C46AppDelegate.m */,
				94C17D361787CCCE0074D7F7 /* main.m */,
			);
			path = Cipele46;
			sourceTree = "<group>";
		};
		94C17D481787CCD70074D7F7 /* Cipele46Tests */ = {
			isa = PBXGroup;
			children = (
				94C17D491787CCD70074D7F7 /* Cipele46Tests-Info.plist */,
				94C17D4A1787CCD70074D7F7 /* Cipele46Tests.h */,
				94C17D4B1787CCD70074D7F7 /* Cipele46Tests.m */,
				94C17D4C1787CCD70074D7F7 /* InfoPlist.strings */,
			);
			path = Cipele46Tests;
			sourceTree = "<group>";
		};
		94D213461787CDB500ADAF7E /* Assets */ = {
			isa = PBXGroup;
			children = (
				94D213471787CDB500ADAF7E /* Default-568h@2x.png */,
				94D213481787CDB500ADAF7E /* Default.png */,
				94D213491787CDB500ADAF7E /* Default@2x.png */,
			);
			path = Assets;
			sourceTree = "<group>";
		};
		94D2134D1787CE8B00ADAF7E /* Classes */ = {
			isa = PBXGroup;
			children = (
				78A746D717882A2500E4A6F4 /* RegisterUserViewController */,
				78A746D1178829CF00E4A6F4 /* LoginViewController */,
				C2C0FD9C1788082700AD355B /* UserManagement */,
				11A1E9801788096C00DACF61 /* Model */,
				94D213A317881C6D00ADAF7E /* C46AdFilterViewController */,
				94D2134E1787CE8B00ADAF7E /* C46FirstViewController */,
				94D213551787CE8B00ADAF7E /* C46SecondViewController */,
				11A1E97C1788048E00DACF61 /* C46HomeTabBarController */,
				119F01C51788128300E74817 /* C46AdsViewController */,
				119F01CD1788251F00E74817 /* C46MyAdsViewController */,
				94D21391178802E900ADAF7E /* C46ServerCommunicationManager */,
			);
			path = Classes;
			sourceTree = "<group>";
		};
		94D2134E1787CE8B00ADAF7E /* C46FirstViewController */ = {
			isa = PBXGroup;
			children = (
				94D2134F1787CE8B00ADAF7E /* Assets */,
				94D213521787CE8B00ADAF7E /* C46FirstViewController.h */,
				94D213531787CE8B00ADAF7E /* C46FirstViewController.m */,
				94D213541787CE8B00ADAF7E /* C46FirstViewController.xib */,
			);
			path = C46FirstViewController;
			sourceTree = "<group>";
		};
		94D2134F1787CE8B00ADAF7E /* Assets */ = {
			isa = PBXGroup;
			children = (
				94D213501787CE8B00ADAF7E /* first.png */,
				94D213511787CE8B00ADAF7E /* first@2x.png */,
			);
			path = Assets;
			sourceTree = "<group>";
		};
		94D213551787CE8B00ADAF7E /* C46SecondViewController */ = {
			isa = PBXGroup;
			children = (
				94D213561787CE8B00ADAF7E /* Assets */,
				94D213591787CE8B00ADAF7E /* C46SecondViewController.h */,
				94D2135A1787CE8B00ADAF7E /* C46SecondViewController.m */,
				94D2135B1787CE8B00ADAF7E /* C46SecondViewController.xib */,
			);
			path = C46SecondViewController;
			sourceTree = "<group>";
		};
		94D213561787CE8B00ADAF7E /* Assets */ = {
			isa = PBXGroup;
			children = (
				94D213571787CE8B00ADAF7E /* second.png */,
				94D213581787CE8B00ADAF7E /* second@2x.png */,
			);
			path = Assets;
			sourceTree = "<group>";
		};
		94D213641787CECC00ADAF7E /* SupportingFiles */ = {
			isa = PBXGroup;
			children = (
				94D213651787CECC00ADAF7E /* Cipele46-Info.plist */,
				94D213661787CECC00ADAF7E /* Cipele46-Prefix.pch */,
				94D213AE178827EA00ADAF7E /* Localizable.strings */,
			);
			path = SupportingFiles;
			sourceTree = "<group>";
		};
		94D213681787D01E00ADAF7E /* Documentation */ = {
			isa = PBXGroup;
			children = (
				94D213691787D01E00ADAF7E /* todo */,
			);
			path = Documentation;
			sourceTree = "<group>";
		};
		94D2136A1787FF9500ADAF7E /* 3rdParty */ = {
			isa = PBXGroup;
			children = (
				C2C0FDA3178813BB00AD355B /* Utils */,
				94D2136B1787FF9500ADAF7E /* AFNetworking */,
				94D213961788094400ADAF7E /* JSONKit */,
			);
			path = 3rdParty;
			sourceTree = "<group>";
		};
		94D2136B1787FF9500ADAF7E /* AFNetworking */ = {
			isa = PBXGroup;
			children = (
				94D2136C1787FF9500ADAF7E /* AFHTTPClient.h */,
				94D2136D1787FF9500ADAF7E /* AFHTTPClient.m */,
				94D2136E1787FF9500ADAF7E /* AFHTTPRequestOperation.h */,
				94D2136F1787FF9500ADAF7E /* AFHTTPRequestOperation.m */,
				94D213701787FF9500ADAF7E /* AFImageRequestOperation.h */,
				94D213711787FF9500ADAF7E /* AFImageRequestOperation.m */,
				94D213721787FF9500ADAF7E /* AFJSONRequestOperation.h */,
				94D213731787FF9500ADAF7E /* AFJSONRequestOperation.m */,
				94D213741787FF9500ADAF7E /* AFNetworkActivityIndicatorManager.h */,
				94D213751787FF9500ADAF7E /* AFNetworkActivityIndicatorManager.m */,
				94D213761787FF9500ADAF7E /* AFNetworking.h */,
				94D213771787FF9500ADAF7E /* AFPropertyListRequestOperation.h */,
				94D213781787FF9500ADAF7E /* AFPropertyListRequestOperation.m */,
				94D213791787FF9500ADAF7E /* AFURLConnectionOperation.h */,
				94D2137A1787FF9500ADAF7E /* AFURLConnectionOperation.m */,
				94D2137B1787FF9500ADAF7E /* AFXMLRequestOperation.h */,
				94D2137C1787FF9500ADAF7E /* AFXMLRequestOperation.m */,
				94D2137D1787FF9500ADAF7E /* UIImageView+AFNetworking.h */,
				94D2137E1787FF9500ADAF7E /* UIImageView+AFNetworking.m */,
			);
			path = AFNetworking;
			sourceTree = "<group>";
		};
		94D21391178802E900ADAF7E /* C46ServerCommunicationManager */ = {
			isa = PBXGroup;
			children = (
				94D21392178802E900ADAF7E /* C46ServerCommunicationManager.h */,
				94D21393178802E900ADAF7E /* C46ServerCommunicationManager.m */,
			);
			path = C46ServerCommunicationManager;
			sourceTree = "<group>";
		};
		94D213961788094400ADAF7E /* JSONKit */ = {
			isa = PBXGroup;
			children = (
				94D213971788094400ADAF7E /* CHANGELOG.md */,
				94D213981788094400ADAF7E /* JSONKit.h */,
				94D213991788094400ADAF7E /* JSONKit.m */,
				94D2139A1788094400ADAF7E /* README.md */,
			);
			path = JSONKit;
			sourceTree = "<group>";
		};
		94D213A317881C6D00ADAF7E /* C46AdFilterViewController */ = {
			isa = PBXGroup;
			children = (
				94D213A417881C6E00ADAF7E /* C46AdFilterViewController.h */,
				94D213A517881C6E00ADAF7E /* C46AdFilterViewController.m */,
				94D213A617881C6E00ADAF7E /* C46AdFilterViewController.xib */,
			);
			path = C46AdFilterViewController;
			sourceTree = "<group>";
		};
		94EF263D1787CB8800BE46E3 = {
			isa = PBXGroup;
			children = (
				94D2136A1787FF9500ADAF7E /* 3rdParty */,
				94C17D221787CCCE0074D7F7 /* Cipele46 */,
				94C17D481787CCD70074D7F7 /* Cipele46Tests */,
				94EF26481787CB8800BE46E3 /* Frameworks */,
				94EF26471787CB8800BE46E3 /* Products */,
			);
			sourceTree = "<group>";
		};
		94EF26471787CB8800BE46E3 /* Products */ = {
			isa = PBXGroup;
			children = (
				94EF26461787CB8800BE46E3 /* Cipele46.app */,
				94EF267A1787CB8800BE46E3 /* Cipele46Tests.octest */,
			);
			name = Products;
			sourceTree = "<group>";
		};
		94EF26481787CB8800BE46E3 /* Frameworks */ = {
			isa = PBXGroup;
			children = (
				C2C0FDAF178814A000AD355B /* libsqlite3.dylib */,
				C2C0FDAD1788149400AD355B /* AdSupport.framework */,
				C2C0FDAB1788148A00AD355B /* Accounts.framework */,
				C2C0FDA91788145000AD355B /* Social.framework */,
				C2C0FDA71788144A00AD355B /* Security.framework */,
				C2C0FD9A1788047900AD355B /* FacebookSDK.framework */,
				94D2138A1787FFCA00ADAF7E /* MobileCoreServices.framework */,
				94D213881787FFC100ADAF7E /* SystemConfiguration.framework */,
				94EF26491787CB8800BE46E3 /* UIKit.framework */,
				94EF264B1787CB8800BE46E3 /* Foundation.framework */,
				94EF264D1787CB8800BE46E3 /* CoreGraphics.framework */,
				94EF267B1787CB8800BE46E3 /* SenTestingKit.framework */,
			);
			name = Frameworks;
			sourceTree = "<group>";
		};
		C2C0FD9C1788082700AD355B /* UserManagement */ = {
			isa = PBXGroup;
			children = (
				C2C0FD9D1788085500AD355B /* C46FacebookConnect.h */,
				C2C0FD9E1788085500AD355B /* C46FacebookConnect.m */,
				C2C0FDA0178809CB00AD355B /* C46UserInfo.h */,
				C2C0FDA1178809CB00AD355B /* C46UserInfo.m */,
			);
			name = UserManagement;
			sourceTree = "<group>";
		};
		C2C0FDA3178813BB00AD355B /* Utils */ = {
			isa = PBXGroup;
			children = (
				C2C0FDA4178813C900AD355B /* NSString+URLEncoding.h */,
				C2C0FDA5178813C900AD355B /* NSString+URLEncoding.m */,
			);
			name = Utils;
			sourceTree = "<group>";
		};
/* End PBXGroup section */

/* Begin PBXNativeTarget section */
		94EF26451787CB8800BE46E3 /* Cipele46 */ = {
			isa = PBXNativeTarget;
			buildConfigurationList = 94EF268C1787CB8800BE46E3 /* Build configuration list for PBXNativeTarget "Cipele46" */;
			buildPhases = (
				94EF26421787CB8800BE46E3 /* Sources */,
				94EF26431787CB8800BE46E3 /* Frameworks */,
				94EF26441787CB8800BE46E3 /* Resources */,
			);
			buildRules = (
			);
			dependencies = (
			);
			name = Cipele46;
			productName = Cipele46;
			productReference = 94EF26461787CB8800BE46E3 /* Cipele46.app */;
			productType = "com.apple.product-type.application";
		};
		94EF26791787CB8800BE46E3 /* Cipele46Tests */ = {
			isa = PBXNativeTarget;
			buildConfigurationList = 94EF268F1787CB8800BE46E3 /* Build configuration list for PBXNativeTarget "Cipele46Tests" */;
			buildPhases = (
				94EF26751787CB8800BE46E3 /* Sources */,
				94EF26761787CB8800BE46E3 /* Frameworks */,
				94EF26771787CB8800BE46E3 /* Resources */,
				94EF26781787CB8800BE46E3 /* ShellScript */,
			);
			buildRules = (
			);
			dependencies = (
				94EF26801787CB8800BE46E3 /* PBXTargetDependency */,
			);
			name = Cipele46Tests;
			productName = Cipele46Tests;
			productReference = 94EF267A1787CB8800BE46E3 /* Cipele46Tests.octest */;
			productType = "com.apple.product-type.bundle";
		};
/* End PBXNativeTarget section */

/* Begin PBXProject section */
		94EF263E1787CB8800BE46E3 /* Project object */ = {
			isa = PBXProject;
			attributes = {
				CLASSPREFIX = C46;
				LastUpgradeCheck = 0460;
				ORGANIZATIONNAME = "Miran Brajsa";
			};
			buildConfigurationList = 94EF26411787CB8800BE46E3 /* Build configuration list for PBXProject "Cipele46" */;
			compatibilityVersion = "Xcode 3.2";
			developmentRegion = English;
			hasScannedForEncodings = 0;
			knownRegions = (
				en,
				hr,
			);
			mainGroup = 94EF263D1787CB8800BE46E3;
			productRefGroup = 94EF26471787CB8800BE46E3 /* Products */;
			projectDirPath = "";
			projectRoot = "";
			targets = (
				94EF26451787CB8800BE46E3 /* Cipele46 */,
				94EF26791787CB8800BE46E3 /* Cipele46Tests */,
			);
		};
/* End PBXProject section */

/* Begin PBXResourcesBuildPhase section */
		94EF26441787CB8800BE46E3 /* Resources */ = {
			isa = PBXResourcesBuildPhase;
			buildActionMask = 2147483647;
			files = (
				94D2134A1787CDB500ADAF7E /* Default-568h@2x.png in Resources */,
				94D2134B1787CDB500ADAF7E /* Default.png in Resources */,
				94D2134C1787CDB500ADAF7E /* Default@2x.png in Resources */,
				94D2135C1787CE8B00ADAF7E /* first.png in Resources */,
				94D2135D1787CE8B00ADAF7E /* first@2x.png in Resources */,
				94D2135F1787CE8B00ADAF7E /* C46FirstViewController.xib in Resources */,
				94D213601787CE8B00ADAF7E /* second.png in Resources */,
				94D213611787CE8B00ADAF7E /* second@2x.png in Resources */,
				94D213631787CE8B00ADAF7E /* C46SecondViewController.xib in Resources */,
				119F01C41788127C00E74817 /* C46AdsViewController.xib in Resources */,
				119F01CC1788251400E74817 /* C46MyAdsViewController.xib in Resources */,
				94D213A817881C6E00ADAF7E /* C46AdFilterViewController.xib in Resources */,
				94D213AC178827EA00ADAF7E /* Localizable.strings in Resources */,
				78A746D6178829CF00E4A6F4 /* C46LoginViewController.xib in Resources */,
				78A746DC17882A7600E4A6F4 /* C46RegisterUserViewController.xib in Resources */,
			);
			runOnlyForDeploymentPostprocessing = 0;
		};
		94EF26771787CB8800BE46E3 /* Resources */ = {
			isa = PBXResourcesBuildPhase;
			buildActionMask = 2147483647;
			files = (
			);
			runOnlyForDeploymentPostprocessing = 0;
		};
/* End PBXResourcesBuildPhase section */

/* Begin PBXShellScriptBuildPhase section */
		94EF26781787CB8800BE46E3 /* ShellScript */ = {
			isa = PBXShellScriptBuildPhase;
			buildActionMask = 2147483647;
			files = (
			);
			inputPaths = (
			);
			outputPaths = (
			);
			runOnlyForDeploymentPostprocessing = 0;
			shellPath = /bin/sh;
			shellScript = "# Run the unit tests in this test bundle.\n\"${SYSTEM_DEVELOPER_DIR}/Tools/RunUnitTests\"\n";
		};
/* End PBXShellScriptBuildPhase section */

/* Begin PBXSourcesBuildPhase section */
		94EF26421787CB8800BE46E3 /* Sources */ = {
			isa = PBXSourcesBuildPhase;
			buildActionMask = 2147483647;
			files = (
				94C17D391787CCCE0074D7F7 /* C46AppDelegate.m in Sources */,
				94C17D451787CCCE0074D7F7 /* main.m in Sources */,
				94D2135E1787CE8B00ADAF7E /* C46FirstViewController.m in Sources */,
				94D213621787CE8B00ADAF7E /* C46SecondViewController.m in Sources */,
				11A1E97A1788042B00DACF61 /* C46HomeTabBarController.m in Sources */,
				11A1E97F1788096400DACF61 /* C46Ad.m in Sources */,
				94D2137F1787FF9500ADAF7E /* AFHTTPClient.m in Sources */,
				94D213801787FF9500ADAF7E /* AFHTTPRequestOperation.m in Sources */,
				94D213811787FF9500ADAF7E /* AFImageRequestOperation.m in Sources */,
				94D213821787FF9500ADAF7E /* AFJSONRequestOperation.m in Sources */,
				94D213831787FF9500ADAF7E /* AFNetworkActivityIndicatorManager.m in Sources */,
				94D213841787FF9500ADAF7E /* AFPropertyListRequestOperation.m in Sources */,
				94D213851787FF9500ADAF7E /* AFURLConnectionOperation.m in Sources */,
				94D213861787FF9500ADAF7E /* AFXMLRequestOperation.m in Sources */,
				94D213871787FF9500ADAF7E /* UIImageView+AFNetworking.m in Sources */,
				C2C0FD9F1788085500AD355B /* C46FacebookConnect.m in Sources */,
				C2C0FDA2178809CB00AD355B /* C46UserInfo.m in Sources */,
				C2C0FDA6178813C900AD355B /* NSString+URLEncoding.m in Sources */,
				94D21394178802E900ADAF7E /* C46ServerCommunicationManager.m in Sources */,
				94D2139C1788094400ADAF7E /* JSONKit.m in Sources */,
				119F01C31788127C00E74817 /* C46AdsViewController.m in Sources */,
				119F01CB1788251400E74817 /* C46MyAdsViewController.m in Sources */,
				94D213A717881C6E00ADAF7E /* C46AdFilterViewController.m in Sources */,
				78A746D5178829CF00E4A6F4 /* C46LoginViewController.m in Sources */,
				78A746DB17882A7600E4A6F4 /* C46RegisterUserViewController.m in Sources */,
			);
			runOnlyForDeploymentPostprocessing = 0;
		};
		94EF26751787CB8800BE46E3 /* Sources */ = {
			isa = PBXSourcesBuildPhase;
			buildActionMask = 2147483647;
			files = (
				94C17D4F1787CCD70074D7F7 /* Cipele46Tests.m in Sources */,
			);
			runOnlyForDeploymentPostprocessing = 0;
		};
/* End PBXSourcesBuildPhase section */

/* Begin PBXTargetDependency section */
		94EF26801787CB8800BE46E3 /* PBXTargetDependency */ = {
			isa = PBXTargetDependency;
			target = 94EF26451787CB8800BE46E3 /* Cipele46 */;
			targetProxy = 94EF267F1787CB8800BE46E3 /* PBXContainerItemProxy */;
		};
/* End PBXTargetDependency section */

/* Begin PBXVariantGroup section */
		94C17D4C1787CCD70074D7F7 /* InfoPlist.strings */ = {
			isa = PBXVariantGroup;
			children = (
				94C17D4D1787CCD70074D7F7 /* en */,
				94D213AB178827DB00ADAF7E /* hr */,
			);
			name = InfoPlist.strings;
			sourceTree = "<group>";
		};
		94D213AE178827EA00ADAF7E /* Localizable.strings */ = {
			isa = PBXVariantGroup;
			children = (
				94D213AD178827EA00ADAF7E /* hr */,
				94D213AF178827EF00ADAF7E /* en */,
			);
			name = Localizable.strings;
			sourceTree = "<group>";
		};
/* End PBXVariantGroup section */

/* Begin XCBuildConfiguration section */
		94EF268A1787CB8800BE46E3 /* Debug */ = {
			isa = XCBuildConfiguration;
			buildSettings = {
				ALWAYS_SEARCH_USER_PATHS = NO;
				CLANG_CXX_LANGUAGE_STANDARD = "gnu++0x";
				CLANG_CXX_LIBRARY = "libc++";
				CLANG_ENABLE_OBJC_ARC = YES;
				CLANG_WARN_CONSTANT_CONVERSION = YES;
				CLANG_WARN_EMPTY_BODY = YES;
				CLANG_WARN_ENUM_CONVERSION = YES;
				CLANG_WARN_INT_CONVERSION = YES;
				CLANG_WARN__DUPLICATE_METHOD_MATCH = YES;
				"CODE_SIGN_IDENTITY[sdk=iphoneos*]" = "iPhone Developer";
				COPY_PHASE_STRIP = NO;
				GCC_C_LANGUAGE_STANDARD = gnu99;
				GCC_DYNAMIC_NO_PIC = NO;
				GCC_OPTIMIZATION_LEVEL = 0;
				GCC_PREPROCESSOR_DEFINITIONS = (
					"DEBUG=1",
					"$(inherited)",
				);
				GCC_SYMBOLS_PRIVATE_EXTERN = NO;
				GCC_WARN_ABOUT_RETURN_TYPE = YES;
				GCC_WARN_UNINITIALIZED_AUTOS = YES;
				GCC_WARN_UNUSED_VARIABLE = YES;
				IPHONEOS_DEPLOYMENT_TARGET = 6.1;
				ONLY_ACTIVE_ARCH = YES;
				SDKROOT = iphoneos;
			};
			name = Debug;
		};
		94EF268B1787CB8800BE46E3 /* Release */ = {
			isa = XCBuildConfiguration;
			buildSettings = {
				ALWAYS_SEARCH_USER_PATHS = NO;
				CLANG_CXX_LANGUAGE_STANDARD = "gnu++0x";
				CLANG_CXX_LIBRARY = "libc++";
				CLANG_ENABLE_OBJC_ARC = YES;
				CLANG_WARN_CONSTANT_CONVERSION = YES;
				CLANG_WARN_EMPTY_BODY = YES;
				CLANG_WARN_ENUM_CONVERSION = YES;
				CLANG_WARN_INT_CONVERSION = YES;
				CLANG_WARN__DUPLICATE_METHOD_MATCH = YES;
				"CODE_SIGN_IDENTITY[sdk=iphoneos*]" = "iPhone Developer";
				COPY_PHASE_STRIP = YES;
				GCC_C_LANGUAGE_STANDARD = gnu99;
				GCC_WARN_ABOUT_RETURN_TYPE = YES;
				GCC_WARN_UNINITIALIZED_AUTOS = YES;
				GCC_WARN_UNUSED_VARIABLE = YES;
				IPHONEOS_DEPLOYMENT_TARGET = 6.1;
				OTHER_CFLAGS = "-DNS_BLOCK_ASSERTIONS=1";
				SDKROOT = iphoneos;
				VALIDATE_PRODUCT = YES;
			};
			name = Release;
		};
		94EF268D1787CB8800BE46E3 /* Debug */ = {
			isa = XCBuildConfiguration;
			buildSettings = {
				FRAMEWORK_SEARCH_PATHS = (
					"$(inherited)",
					"\"$(SRCROOT)/3rdParty\"",
				);
				GCC_PRECOMPILE_PREFIX_HEADER = YES;
				GCC_PREFIX_HEADER = "Cipele46/SupportingFiles/Cipele46-Prefix.pch";
				INFOPLIST_FILE = "Cipele46/SupportingFiles/Cipele46-Info.plist";
				PRODUCT_NAME = "$(TARGET_NAME)";
				WRAPPER_EXTENSION = app;
			};
			name = Debug;
		};
		94EF268E1787CB8800BE46E3 /* Release */ = {
			isa = XCBuildConfiguration;
			buildSettings = {
				FRAMEWORK_SEARCH_PATHS = (
					"$(inherited)",
					"\"$(SRCROOT)/3rdParty\"",
				);
				GCC_PRECOMPILE_PREFIX_HEADER = YES;
				GCC_PREFIX_HEADER = "Cipele46/SupportingFiles/Cipele46-Prefix.pch";
				INFOPLIST_FILE = "Cipele46/SupportingFiles/Cipele46-Info.plist";
				PRODUCT_NAME = "$(TARGET_NAME)";
				WRAPPER_EXTENSION = app;
			};
			name = Release;
		};
		94EF26901787CB8800BE46E3 /* Debug */ = {
			isa = XCBuildConfiguration;
			buildSettings = {
				BUNDLE_LOADER = "$(BUILT_PRODUCTS_DIR)/Cipele46.app/Cipele46";
				FRAMEWORK_SEARCH_PATHS = (
					"\"$(SDKROOT)/Developer/Library/Frameworks\"",
					"\"$(DEVELOPER_LIBRARY_DIR)/Frameworks\"",
				);
				GCC_PRECOMPILE_PREFIX_HEADER = YES;
				GCC_PREFIX_HEADER = "Cipele46/SupportingFiles/Cipele46-Prefix.pch";
				INFOPLIST_FILE = "Cipele46Tests/Cipele46Tests-Info.plist";
				PRODUCT_NAME = "$(TARGET_NAME)";
				TEST_HOST = "$(BUNDLE_LOADER)";
				WRAPPER_EXTENSION = octest;
			};
			name = Debug;
		};
		94EF26911787CB8800BE46E3 /* Release */ = {
			isa = XCBuildConfiguration;
			buildSettings = {
				BUNDLE_LOADER = "$(BUILT_PRODUCTS_DIR)/Cipele46.app/Cipele46";
				FRAMEWORK_SEARCH_PATHS = (
					"\"$(SDKROOT)/Developer/Library/Frameworks\"",
					"\"$(DEVELOPER_LIBRARY_DIR)/Frameworks\"",
				);
				GCC_PRECOMPILE_PREFIX_HEADER = YES;
				GCC_PREFIX_HEADER = "Cipele46/SupportingFiles/Cipele46-Prefix.pch";
				INFOPLIST_FILE = "Cipele46Tests/Cipele46Tests-Info.plist";
				PRODUCT_NAME = "$(TARGET_NAME)";
				TEST_HOST = "$(BUNDLE_LOADER)";
				WRAPPER_EXTENSION = octest;
			};
			name = Release;
		};
/* End XCBuildConfiguration section */

/* Begin XCConfigurationList section */
		94EF26411787CB8800BE46E3 /* Build configuration list for PBXProject "Cipele46" */ = {
			isa = XCConfigurationList;
			buildConfigurations = (
				94EF268A1787CB8800BE46E3 /* Debug */,
				94EF268B1787CB8800BE46E3 /* Release */,
			);
			defaultConfigurationIsVisible = 0;
			defaultConfigurationName = Release;
		};
		94EF268C1787CB8800BE46E3 /* Build configuration list for PBXNativeTarget "Cipele46" */ = {
			isa = XCConfigurationList;
			buildConfigurations = (
				94EF268D1787CB8800BE46E3 /* Debug */,
				94EF268E1787CB8800BE46E3 /* Release */,
			);
			defaultConfigurationIsVisible = 0;
			defaultConfigurationName = Release;
		};
		94EF268F1787CB8800BE46E3 /* Build configuration list for PBXNativeTarget "Cipele46Tests" */ = {
			isa = XCConfigurationList;
			buildConfigurations = (
				94EF26901787CB8800BE46E3 /* Debug */,
				94EF26911787CB8800BE46E3 /* Release */,
			);
			defaultConfigurationIsVisible = 0;
			defaultConfigurationName = Release;
		};
/* End XCConfigurationList section */
	};
	rootObject = 94EF263E1787CB8800BE46E3 /* Project object */;
}
