// !$*UTF8*$!
{
	archiveVersion = 1;
	classes = {
	};
	objectVersion = 46;
	objects = {

/* Begin PBXBuildFile section */
		1133AAC717949440002E8B89 /* C46DataSource.m in Sources */ = {isa = PBXBuildFile; fileRef = 1133AA8A17949440002E8B89 /* C46DataSource.m */; };
		1133AAC817949440002E8B89 /* C46Ad.m in Sources */ = {isa = PBXBuildFile; fileRef = 1133AA8D17949440002E8B89 /* C46Ad.m */; };
		1133AACA17949440002E8B89 /* favorites_icon_empty@2x.png in Resources */ = {isa = PBXBuildFile; fileRef = 1133AA9417949440002E8B89 /* favorites_icon_empty@2x.png */; };
		1133AACB17949440002E8B89 /* favorites_icon_full@2x.png in Resources */ = {isa = PBXBuildFile; fileRef = 1133AA9517949440002E8B89 /* favorites_icon_full@2x.png */; };
		1133AACC17949440002E8B89 /* place_icon_blue@2x.png in Resources */ = {isa = PBXBuildFile; fileRef = 1133AA9617949440002E8B89 /* place_icon_blue@2x.png */; };
		1133AACD17949440002E8B89 /* place_icon_red@2x.png in Resources */ = {isa = PBXBuildFile; fileRef = 1133AA9717949440002E8B89 /* place_icon_red@2x.png */; };
		1133AACE17949440002E8B89 /* time_icon_blue@2x.png in Resources */ = {isa = PBXBuildFile; fileRef = 1133AA9817949440002E8B89 /* time_icon_blue@2x.png */; };
		1133AACF17949440002E8B89 /* time_icon_red@2x.png in Resources */ = {isa = PBXBuildFile; fileRef = 1133AA9917949440002E8B89 /* time_icon_red@2x.png */; };
		1133AAD017949440002E8B89 /* C46AdDetailViewController.m in Sources */ = {isa = PBXBuildFile; fileRef = 1133AA9B17949440002E8B89 /* C46AdDetailViewController.m */; };
		1133AAD117949440002E8B89 /* C46AdDetailViewController.xib in Resources */ = {isa = PBXBuildFile; fileRef = 1133AA9C17949440002E8B89 /* C46AdDetailViewController.xib */; };
		1133AAD217949440002E8B89 /* C46AdFilterViewController.m in Sources */ = {isa = PBXBuildFile; fileRef = 1133AA9F17949440002E8B89 /* C46AdFilterViewController.m */; };
		1133AAD317949440002E8B89 /* C46AdFilterViewController.xib in Resources */ = {isa = PBXBuildFile; fileRef = 1133AAA017949440002E8B89 /* C46AdFilterViewController.xib */; };
		1133AAD417949440002E8B89 /* C46AdCell.m in Sources */ = {isa = PBXBuildFile; fileRef = 1133AAA317949440002E8B89 /* C46AdCell.m */; };
		1133AAD517949440002E8B89 /* C46AdCell.xib in Resources */ = {isa = PBXBuildFile; fileRef = 1133AAA417949440002E8B89 /* C46AdCell.xib */; };
		1133AAD617949440002E8B89 /* C46AdListViewController.m in Sources */ = {isa = PBXBuildFile; fileRef = 1133AAA617949440002E8B89 /* C46AdListViewController.m */; };
		1133AAD717949440002E8B89 /* C46AdListViewController.xib in Resources */ = {isa = PBXBuildFile; fileRef = 1133AAA717949440002E8B89 /* C46AdListViewController.xib */; };
		1133AAD817949440002E8B89 /* C46AdsViewController.m in Sources */ = {isa = PBXBuildFile; fileRef = 1133AAAA17949440002E8B89 /* C46AdsViewController.m */; };
		1133AAD917949440002E8B89 /* C46AdsViewController.xib in Resources */ = {isa = PBXBuildFile; fileRef = 1133AAAB17949440002E8B89 /* C46AdsViewController.xib */; };
		1133AADA17949440002E8B89 /* C46HomeTabBarController.m in Sources */ = {isa = PBXBuildFile; fileRef = 1133AAAF17949440002E8B89 /* C46HomeTabBarController.m */; };
		1133AADD17949440002E8B89 /* C46MessageViewController.m in Sources */ = {isa = PBXBuildFile; fileRef = 1133AAB617949440002E8B89 /* C46MessageViewController.m */; };
		1133AADE17949440002E8B89 /* C46MessageViewController.xib in Resources */ = {isa = PBXBuildFile; fileRef = 1133AAB717949440002E8B89 /* C46MessageViewController.xib */; };
		1133AADF17949440002E8B89 /* C46MyAdsViewController.m in Sources */ = {isa = PBXBuildFile; fileRef = 1133AABA17949440002E8B89 /* C46MyAdsViewController.m */; };
		1133AAE017949440002E8B89 /* C46MyAdsViewController.xib in Resources */ = {isa = PBXBuildFile; fileRef = 1133AABB17949440002E8B89 /* C46MyAdsViewController.xib */; };
		1133AAE117949440002E8B89 /* C46RegisterUserViewController.m in Sources */ = {isa = PBXBuildFile; fileRef = 1133AABE17949440002E8B89 /* C46RegisterUserViewController.m */; };
		1133AAE217949440002E8B89 /* C46RegisterUserViewController.xib in Resources */ = {isa = PBXBuildFile; fileRef = 1133AABF17949440002E8B89 /* C46RegisterUserViewController.xib */; };
		1133AAE317949440002E8B89 /* C46FacebookConnect.m in Sources */ = {isa = PBXBuildFile; fileRef = 1133AAC217949440002E8B89 /* C46FacebookConnect.m */; };
		1133AAE417949440002E8B89 /* C46UserInfo.m in Sources */ = {isa = PBXBuildFile; fileRef = 1133AAC417949440002E8B89 /* C46UserInfo.m */; };
		1133AAE517949440002E8B89 /* C46UserManager.m in Sources */ = {isa = PBXBuildFile; fileRef = 1133AAC617949440002E8B89 /* C46UserManager.m */; };
		1133AAEA17949515002E8B89 /* C46LoginUserViewController.m in Sources */ = {isa = PBXBuildFile; fileRef = 1133AAE817949515002E8B89 /* C46LoginUserViewController.m */; };
		1133AAEB17949515002E8B89 /* C46LoginUserViewController.xib in Resources */ = {isa = PBXBuildFile; fileRef = 1133AAE917949515002E8B89 /* C46LoginUserViewController.xib */; };
		1133AAF41794980D002E8B89 /* NSMutableDictionary+Additions.m in Sources */ = {isa = PBXBuildFile; fileRef = 1133AAF31794980D002E8B89 /* NSMutableDictionary+Additions.m */; };
		1133AAFC179498CA002E8B89 /* DDASLLogger.m in Sources */ = {isa = PBXBuildFile; fileRef = 1133AAF7179498CA002E8B89 /* DDASLLogger.m */; };
		1133AAFD179498CA002E8B89 /* DDLog.m in Sources */ = {isa = PBXBuildFile; fileRef = 1133AAF9179498CA002E8B89 /* DDLog.m */; };
		1133AAFE179498CA002E8B89 /* DDTTYLogger.m in Sources */ = {isa = PBXBuildFile; fileRef = 1133AAFB179498CA002E8B89 /* DDTTYLogger.m */; };
		1133AB01179498E3002E8B89 /* MBProgressHUD.m in Sources */ = {isa = PBXBuildFile; fileRef = 1133AB00179498E3002E8B89 /* MBProgressHUD.m */; };
		1133AB06179499ED002E8B89 /* WMAFHTTPClientRequest.m in Sources */ = {isa = PBXBuildFile; fileRef = 1133AB04179499ED002E8B89 /* WMAFHTTPClientRequest.m */; };
		1133AB0917949ADB002E8B89 /* C46Error.m in Sources */ = {isa = PBXBuildFile; fileRef = 1133AB0817949ADB002E8B89 /* C46Error.m */; };
		1133AB0E17949BE4002E8B89 /* C46Cipele46APINetworkClient.m in Sources */ = {isa = PBXBuildFile; fileRef = 1133AB0B17949BE4002E8B89 /* C46Cipele46APINetworkClient.m */; };
		1133AB0F17949BE4002E8B89 /* C46Cipele46APIUtils.m in Sources */ = {isa = PBXBuildFile; fileRef = 1133AB0D17949BE4002E8B89 /* C46Cipele46APIUtils.m */; };
		1133AB121795AE5F002E8B89 /* C46AdCategory.m in Sources */ = {isa = PBXBuildFile; fileRef = 1133AB111795AE5E002E8B89 /* C46AdCategory.m */; };
		1133AB151795B4EB002E8B89 /* C46City.m in Sources */ = {isa = PBXBuildFile; fileRef = 1133AB141795B4EB002E8B89 /* C46City.m */; };
		1133AB181795BEF9002E8B89 /* C46AdImageInfo.m in Sources */ = {isa = PBXBuildFile; fileRef = 1133AB171795BEF9002E8B89 /* C46AdImageInfo.m */; };
		1133AB1B1795C0C0002E8B89 /* C46Region.m in Sources */ = {isa = PBXBuildFile; fileRef = 1133AB1A1795C0BF002E8B89 /* C46Region.m */; };
		1133AB1E1795CDBC002E8B89 /* C46AdFilter.m in Sources */ = {isa = PBXBuildFile; fileRef = 1133AB1D1795CDBC002E8B89 /* C46AdFilter.m */; };
		11B1F79117883629001B8969 /* AppIcon_114x114.png in Resources */ = {isa = PBXBuildFile; fileRef = 11B1F79017883629001B8969 /* AppIcon_114x114.png */; };
		32E43B81178856B3008C9A88 /* ImageIO.framework in Frameworks */ = {isa = PBXBuildFile; fileRef = 32E43B80178856B3008C9A88 /* ImageIO.framework */; };
		32E43B8317885A42008C9A88 /* SDWebImage.framework in Frameworks */ = {isa = PBXBuildFile; fileRef = 32E43B8217885A42008C9A88 /* SDWebImage.framework */; };
		8D6E5245178838A400F0E54B /* MessageUI.framework in Frameworks */ = {isa = PBXBuildFile; fileRef = 8D6E5244178838A400F0E54B /* MessageUI.framework */; };
		94C17D391787CCCE0074D7F7 /* C46AppDelegate.m in Sources */ = {isa = PBXBuildFile; fileRef = 94C17D241787CCCE0074D7F7 /* C46AppDelegate.m */; };
		94C17D451787CCCE0074D7F7 /* main.m in Sources */ = {isa = PBXBuildFile; fileRef = 94C17D361787CCCE0074D7F7 /* main.m */; };
		94C17D4F1787CCD70074D7F7 /* Cipele46Tests.m in Sources */ = {isa = PBXBuildFile; fileRef = 94C17D4B1787CCD70074D7F7 /* Cipele46Tests.m */; };
		94D2134A1787CDB500ADAF7E /* Default-568h@2x.png in Resources */ = {isa = PBXBuildFile; fileRef = 94D213471787CDB500ADAF7E /* Default-568h@2x.png */; };
		94D2134B1787CDB500ADAF7E /* Default.png in Resources */ = {isa = PBXBuildFile; fileRef = 94D213481787CDB500ADAF7E /* Default.png */; };
		94D2134C1787CDB500ADAF7E /* Default@2x.png in Resources */ = {isa = PBXBuildFile; fileRef = 94D213491787CDB500ADAF7E /* Default@2x.png */; };
		94D2137F1787FF9500ADAF7E /* AFHTTPClient.m in Sources */ = {isa = PBXBuildFile; fileRef = 94D2136D1787FF9500ADAF7E /* AFHTTPClient.m */; };
		94D213801787FF9500ADAF7E /* AFHTTPRequestOperation.m in Sources */ = {isa = PBXBuildFile; fileRef = 94D2136F1787FF9500ADAF7E /* AFHTTPRequestOperation.m */; };
		94D213811787FF9500ADAF7E /* AFImageRequestOperation.m in Sources */ = {isa = PBXBuildFile; fileRef = 94D213711787FF9500ADAF7E /* AFImageRequestOperation.m */; };
		94D213821787FF9500ADAF7E /* AFJSONRequestOperation.m in Sources */ = {isa = PBXBuildFile; fileRef = 94D213731787FF9500ADAF7E /* AFJSONRequestOperation.m */; };
		94D213831787FF9500ADAF7E /* AFNetworkActivityIndicatorManager.m in Sources */ = {isa = PBXBuildFile; fileRef = 94D213751787FF9500ADAF7E /* AFNetworkActivityIndicatorManager.m */; };
		94D213841787FF9500ADAF7E /* AFPropertyListRequestOperation.m in Sources */ = {isa = PBXBuildFile; fileRef = 94D213781787FF9500ADAF7E /* AFPropertyListRequestOperation.m */; };
		94D213851787FF9500ADAF7E /* AFURLConnectionOperation.m in Sources */ = {isa = PBXBuildFile; fileRef = 94D2137A1787FF9500ADAF7E /* AFURLConnectionOperation.m */; };
		94D213861787FF9500ADAF7E /* AFXMLRequestOperation.m in Sources */ = {isa = PBXBuildFile; fileRef = 94D2137C1787FF9500ADAF7E /* AFXMLRequestOperation.m */; };
		94D213871787FF9500ADAF7E /* UIImageView+AFNetworking.m in Sources */ = {isa = PBXBuildFile; fileRef = 94D2137E1787FF9500ADAF7E /* UIImageView+AFNetworking.m */; };
		94D213891787FFC100ADAF7E /* SystemConfiguration.framework in Frameworks */ = {isa = PBXBuildFile; fileRef = 94D213881787FFC100ADAF7E /* SystemConfiguration.framework */; };
		94D2138B1787FFCA00ADAF7E /* MobileCoreServices.framework in Frameworks */ = {isa = PBXBuildFile; fileRef = 94D2138A1787FFCA00ADAF7E /* MobileCoreServices.framework */; };
		94D2138C1788008500ADAF7E /* SystemConfiguration.framework in Frameworks */ = {isa = PBXBuildFile; fileRef = 94D213881787FFC100ADAF7E /* SystemConfiguration.framework */; };
		94D2138D1788008A00ADAF7E /* MobileCoreServices.framework in Frameworks */ = {isa = PBXBuildFile; fileRef = 94D2138A1787FFCA00ADAF7E /* MobileCoreServices.framework */; };
		94D213AC178827EA00ADAF7E /* Localizable.strings in Resources */ = {isa = PBXBuildFile; fileRef = 94D213AE178827EA00ADAF7E /* Localizable.strings */; };
		94EF264A1787CB8800BE46E3 /* UIKit.framework in Frameworks */ = {isa = PBXBuildFile; fileRef = 94EF26491787CB8800BE46E3 /* UIKit.framework */; };
		94EF264C1787CB8800BE46E3 /* Foundation.framework in Frameworks */ = {isa = PBXBuildFile; fileRef = 94EF264B1787CB8800BE46E3 /* Foundation.framework */; };
		94EF264E1787CB8800BE46E3 /* CoreGraphics.framework in Frameworks */ = {isa = PBXBuildFile; fileRef = 94EF264D1787CB8800BE46E3 /* CoreGraphics.framework */; };
		94EF267C1787CB8800BE46E3 /* SenTestingKit.framework in Frameworks */ = {isa = PBXBuildFile; fileRef = 94EF267B1787CB8800BE46E3 /* SenTestingKit.framework */; };
		94EF267D1787CB8800BE46E3 /* UIKit.framework in Frameworks */ = {isa = PBXBuildFile; fileRef = 94EF26491787CB8800BE46E3 /* UIKit.framework */; };
		94EF267E1787CB8800BE46E3 /* Foundation.framework in Frameworks */ = {isa = PBXBuildFile; fileRef = 94EF264B1787CB8800BE46E3 /* Foundation.framework */; };
		C2C0FD9B1788047900AD355B /* FacebookSDK.framework in Frameworks */ = {isa = PBXBuildFile; fileRef = C2C0FD9A1788047900AD355B /* FacebookSDK.framework */; };
		C2C0FDA6178813C900AD355B /* NSString+URLEncoding.m in Sources */ = {isa = PBXBuildFile; fileRef = C2C0FDA5178813C900AD355B /* NSString+URLEncoding.m */; };
		C2C0FDA81788144A00AD355B /* Security.framework in Frameworks */ = {isa = PBXBuildFile; fileRef = C2C0FDA71788144A00AD355B /* Security.framework */; settings = {ATTRIBUTES = (Weak, ); }; };
		C2C0FDAA1788145000AD355B /* Social.framework in Frameworks */ = {isa = PBXBuildFile; fileRef = C2C0FDA91788145000AD355B /* Social.framework */; settings = {ATTRIBUTES = (Weak, ); }; };
		C2C0FDAC1788148A00AD355B /* Accounts.framework in Frameworks */ = {isa = PBXBuildFile; fileRef = C2C0FDAB1788148A00AD355B /* Accounts.framework */; settings = {ATTRIBUTES = (Weak, ); }; };
		C2C0FDAE1788149400AD355B /* AdSupport.framework in Frameworks */ = {isa = PBXBuildFile; fileRef = C2C0FDAD1788149400AD355B /* AdSupport.framework */; settings = {ATTRIBUTES = (Weak, ); }; };
		C2C0FDB0178814A000AD355B /* libsqlite3.dylib in Frameworks */ = {isa = PBXBuildFile; fileRef = C2C0FDAF178814A000AD355B /* libsqlite3.dylib */; settings = {ATTRIBUTES = (Weak, ); }; };
/* End PBXBuildFile section */

/* Begin PBXContainerItemProxy section */
		94EF267F1787CB8800BE46E3 /* PBXContainerItemProxy */ = {
			isa = PBXContainerItemProxy;
			containerPortal = 94EF263E1787CB8800BE46E3 /* Project object */;
			proxyType = 1;
			remoteGlobalIDString = 94EF26451787CB8800BE46E3;
			remoteInfo = Cipele46;
		};
/* End PBXContainerItemProxy section */

/* Begin PBXFileReference section */
		1133AA8917949440002E8B89 /* C46DataSource.h */ = {isa = PBXFileReference; fileEncoding = 4; lastKnownFileType = sourcecode.c.h; path = C46DataSource.h; sourceTree = "<group>"; };
		1133AA8A17949440002E8B89 /* C46DataSource.m */ = {isa = PBXFileReference; fileEncoding = 4; lastKnownFileType = sourcecode.c.objc; path = C46DataSource.m; sourceTree = "<group>"; };
		1133AA8C17949440002E8B89 /* C46Ad.h */ = {isa = PBXFileReference; fileEncoding = 4; lastKnownFileType = sourcecode.c.h; path = C46Ad.h; sourceTree = "<group>"; };
		1133AA8D17949440002E8B89 /* C46Ad.m */ = {isa = PBXFileReference; fileEncoding = 4; lastKnownFileType = sourcecode.c.objc; path = C46Ad.m; sourceTree = "<group>"; };
		1133AA9417949440002E8B89 /* favorites_icon_empty@2x.png */ = {isa = PBXFileReference; lastKnownFileType = image.png; path = "favorites_icon_empty@2x.png"; sourceTree = "<group>"; };
		1133AA9517949440002E8B89 /* favorites_icon_full@2x.png */ = {isa = PBXFileReference; lastKnownFileType = image.png; path = "favorites_icon_full@2x.png"; sourceTree = "<group>"; };
		1133AA9617949440002E8B89 /* place_icon_blue@2x.png */ = {isa = PBXFileReference; lastKnownFileType = image.png; path = "place_icon_blue@2x.png"; sourceTree = "<group>"; };
		1133AA9717949440002E8B89 /* place_icon_red@2x.png */ = {isa = PBXFileReference; lastKnownFileType = image.png; path = "place_icon_red@2x.png"; sourceTree = "<group>"; };
		1133AA9817949440002E8B89 /* time_icon_blue@2x.png */ = {isa = PBXFileReference; lastKnownFileType = image.png; path = "time_icon_blue@2x.png"; sourceTree = "<group>"; };
		1133AA9917949440002E8B89 /* time_icon_red@2x.png */ = {isa = PBXFileReference; lastKnownFileType = image.png; path = "time_icon_red@2x.png"; sourceTree = "<group>"; };
		1133AA9A17949440002E8B89 /* C46AdDetailViewController.h */ = {isa = PBXFileReference; fileEncoding = 4; lastKnownFileType = sourcecode.c.h; path = C46AdDetailViewController.h; sourceTree = "<group>"; };
		1133AA9B17949440002E8B89 /* C46AdDetailViewController.m */ = {isa = PBXFileReference; fileEncoding = 4; lastKnownFileType = sourcecode.c.objc; path = C46AdDetailViewController.m; sourceTree = "<group>"; };
		1133AA9C17949440002E8B89 /* C46AdDetailViewController.xib */ = {isa = PBXFileReference; fileEncoding = 4; lastKnownFileType = file.xib; path = C46AdDetailViewController.xib; sourceTree = "<group>"; };
		1133AA9E17949440002E8B89 /* C46AdFilterViewController.h */ = {isa = PBXFileReference; fileEncoding = 4; lastKnownFileType = sourcecode.c.h; path = C46AdFilterViewController.h; sourceTree = "<group>"; };
		1133AA9F17949440002E8B89 /* C46AdFilterViewController.m */ = {isa = PBXFileReference; fileEncoding = 4; lastKnownFileType = sourcecode.c.objc; path = C46AdFilterViewController.m; sourceTree = "<group>"; };
		1133AAA017949440002E8B89 /* C46AdFilterViewController.xib */ = {isa = PBXFileReference; fileEncoding = 4; lastKnownFileType = file.xib; path = C46AdFilterViewController.xib; sourceTree = "<group>"; };
		1133AAA217949440002E8B89 /* C46AdCell.h */ = {isa = PBXFileReference; fileEncoding = 4; lastKnownFileType = sourcecode.c.h; path = C46AdCell.h; sourceTree = "<group>"; };
		1133AAA317949440002E8B89 /* C46AdCell.m */ = {isa = PBXFileReference; fileEncoding = 4; lastKnownFileType = sourcecode.c.objc; path = C46AdCell.m; sourceTree = "<group>"; };
		1133AAA417949440002E8B89 /* C46AdCell.xib */ = {isa = PBXFileReference; fileEncoding = 4; lastKnownFileType = file.xib; path = C46AdCell.xib; sourceTree = "<group>"; };
		1133AAA517949440002E8B89 /* C46AdListViewController.h */ = {isa = PBXFileReference; fileEncoding = 4; lastKnownFileType = sourcecode.c.h; path = C46AdListViewController.h; sourceTree = "<group>"; };
		1133AAA617949440002E8B89 /* C46AdListViewController.m */ = {isa = PBXFileReference; fileEncoding = 4; lastKnownFileType = sourcecode.c.objc; path = C46AdListViewController.m; sourceTree = "<group>"; };
		1133AAA717949440002E8B89 /* C46AdListViewController.xib */ = {isa = PBXFileReference; fileEncoding = 4; lastKnownFileType = file.xib; path = C46AdListViewController.xib; sourceTree = "<group>"; };
		1133AAA917949440002E8B89 /* C46AdsViewController.h */ = {isa = PBXFileReference; fileEncoding = 4; lastKnownFileType = sourcecode.c.h; path = C46AdsViewController.h; sourceTree = "<group>"; };
		1133AAAA17949440002E8B89 /* C46AdsViewController.m */ = {isa = PBXFileReference; fileEncoding = 4; lastKnownFileType = sourcecode.c.objc; path = C46AdsViewController.m; sourceTree = "<group>"; };
		1133AAAB17949440002E8B89 /* C46AdsViewController.xib */ = {isa = PBXFileReference; fileEncoding = 4; lastKnownFileType = file.xib; path = C46AdsViewController.xib; sourceTree = "<group>"; };
		1133AAAD17949440002E8B89 /* C46AdsViewControllerDelegate.h */ = {isa = PBXFileReference; fileEncoding = 4; lastKnownFileType = sourcecode.c.h; path = C46AdsViewControllerDelegate.h; sourceTree = "<group>"; };
		1133AAAE17949440002E8B89 /* C46HomeTabBarController.h */ = {isa = PBXFileReference; fileEncoding = 4; lastKnownFileType = sourcecode.c.h; path = C46HomeTabBarController.h; sourceTree = "<group>"; };
		1133AAAF17949440002E8B89 /* C46HomeTabBarController.m */ = {isa = PBXFileReference; fileEncoding = 4; lastKnownFileType = sourcecode.c.objc; path = C46HomeTabBarController.m; sourceTree = "<group>"; };
		1133AAB517949440002E8B89 /* C46MessageViewController.h */ = {isa = PBXFileReference; fileEncoding = 4; lastKnownFileType = sourcecode.c.h; path = C46MessageViewController.h; sourceTree = "<group>"; };
		1133AAB617949440002E8B89 /* C46MessageViewController.m */ = {isa = PBXFileReference; fileEncoding = 4; lastKnownFileType = sourcecode.c.objc; path = C46MessageViewController.m; sourceTree = "<group>"; };
		1133AAB717949440002E8B89 /* C46MessageViewController.xib */ = {isa = PBXFileReference; fileEncoding = 4; lastKnownFileType = file.xib; path = C46MessageViewController.xib; sourceTree = "<group>"; };
		1133AAB917949440002E8B89 /* C46MyAdsViewController.h */ = {isa = PBXFileReference; fileEncoding = 4; lastKnownFileType = sourcecode.c.h; path = C46MyAdsViewController.h; sourceTree = "<group>"; };
		1133AABA17949440002E8B89 /* C46MyAdsViewController.m */ = {isa = PBXFileReference; fileEncoding = 4; lastKnownFileType = sourcecode.c.objc; path = C46MyAdsViewController.m; sourceTree = "<group>"; };
		1133AABB17949440002E8B89 /* C46MyAdsViewController.xib */ = {isa = PBXFileReference; fileEncoding = 4; lastKnownFileType = file.xib; path = C46MyAdsViewController.xib; sourceTree = "<group>"; };
		1133AABD17949440002E8B89 /* C46RegisterUserViewController.h */ = {isa = PBXFileReference; fileEncoding = 4; lastKnownFileType = sourcecode.c.h; path = C46RegisterUserViewController.h; sourceTree = "<group>"; };
		1133AABE17949440002E8B89 /* C46RegisterUserViewController.m */ = {isa = PBXFileReference; fileEncoding = 4; lastKnownFileType = sourcecode.c.objc; path = C46RegisterUserViewController.m; sourceTree = "<group>"; };
		1133AABF17949440002E8B89 /* C46RegisterUserViewController.xib */ = {isa = PBXFileReference; fileEncoding = 4; lastKnownFileType = file.xib; path = C46RegisterUserViewController.xib; sourceTree = "<group>"; };
		1133AAC117949440002E8B89 /* C46FacebookConnect.h */ = {isa = PBXFileReference; fileEncoding = 4; lastKnownFileType = sourcecode.c.h; path = C46FacebookConnect.h; sourceTree = "<group>"; };
		1133AAC217949440002E8B89 /* C46FacebookConnect.m */ = {isa = PBXFileReference; fileEncoding = 4; lastKnownFileType = sourcecode.c.objc; path = C46FacebookConnect.m; sourceTree = "<group>"; };
		1133AAC317949440002E8B89 /* C46UserInfo.h */ = {isa = PBXFileReference; fileEncoding = 4; lastKnownFileType = sourcecode.c.h; path = C46UserInfo.h; sourceTree = "<group>"; };
		1133AAC417949440002E8B89 /* C46UserInfo.m */ = {isa = PBXFileReference; fileEncoding = 4; lastKnownFileType = sourcecode.c.objc; path = C46UserInfo.m; sourceTree = "<group>"; };
		1133AAC517949440002E8B89 /* C46UserManager.h */ = {isa = PBXFileReference; fileEncoding = 4; lastKnownFileType = sourcecode.c.h; path = C46UserManager.h; sourceTree = "<group>"; };
		1133AAC617949440002E8B89 /* C46UserManager.m */ = {isa = PBXFileReference; fileEncoding = 4; lastKnownFileType = sourcecode.c.objc; path = C46UserManager.m; sourceTree = "<group>"; };
		1133AAE717949515002E8B89 /* C46LoginUserViewController.h */ = {isa = PBXFileReference; fileEncoding = 4; lastKnownFileType = sourcecode.c.h; path = C46LoginUserViewController.h; sourceTree = "<group>"; };
		1133AAE817949515002E8B89 /* C46LoginUserViewController.m */ = {isa = PBXFileReference; fileEncoding = 4; lastKnownFileType = sourcecode.c.objc; path = C46LoginUserViewController.m; sourceTree = "<group>"; };
		1133AAE917949515002E8B89 /* C46LoginUserViewController.xib */ = {isa = PBXFileReference; fileEncoding = 4; lastKnownFileType = file.xib; path = C46LoginUserViewController.xib; sourceTree = "<group>"; };
		1133AAF21794980D002E8B89 /* NSMutableDictionary+Additions.h */ = {isa = PBXFileReference; fileEncoding = 4; lastKnownFileType = sourcecode.c.h; path = "NSMutableDictionary+Additions.h"; sourceTree = "<group>"; };
		1133AAF31794980D002E8B89 /* NSMutableDictionary+Additions.m */ = {isa = PBXFileReference; fileEncoding = 4; lastKnownFileType = sourcecode.c.objc; path = "NSMutableDictionary+Additions.m"; sourceTree = "<group>"; };
		1133AAF6179498CA002E8B89 /* DDASLLogger.h */ = {isa = PBXFileReference; fileEncoding = 4; lastKnownFileType = sourcecode.c.h; path = DDASLLogger.h; sourceTree = "<group>"; };
		1133AAF7179498CA002E8B89 /* DDASLLogger.m */ = {isa = PBXFileReference; fileEncoding = 4; lastKnownFileType = sourcecode.c.objc; path = DDASLLogger.m; sourceTree = "<group>"; };
		1133AAF8179498CA002E8B89 /* DDLog.h */ = {isa = PBXFileReference; fileEncoding = 4; lastKnownFileType = sourcecode.c.h; path = DDLog.h; sourceTree = "<group>"; };
		1133AAF9179498CA002E8B89 /* DDLog.m */ = {isa = PBXFileReference; fileEncoding = 4; lastKnownFileType = sourcecode.c.objc; path = DDLog.m; sourceTree = "<group>"; };
		1133AAFA179498CA002E8B89 /* DDTTYLogger.h */ = {isa = PBXFileReference; fileEncoding = 4; lastKnownFileType = sourcecode.c.h; path = DDTTYLogger.h; sourceTree = "<group>"; };
		1133AAFB179498CA002E8B89 /* DDTTYLogger.m */ = {isa = PBXFileReference; fileEncoding = 4; lastKnownFileType = sourcecode.c.objc; path = DDTTYLogger.m; sourceTree = "<group>"; };
		1133AAFF179498E3002E8B89 /* MBProgressHUD.h */ = {isa = PBXFileReference; fileEncoding = 4; lastKnownFileType = sourcecode.c.h; name = MBProgressHUD.h; path = MBProgressHUD/MBProgressHUD.h; sourceTree = "<group>"; };
		1133AB00179498E3002E8B89 /* MBProgressHUD.m */ = {isa = PBXFileReference; fileEncoding = 4; lastKnownFileType = sourcecode.c.objc; name = MBProgressHUD.m; path = MBProgressHUD/MBProgressHUD.m; sourceTree = "<group>"; };
		1133AB03179499ED002E8B89 /* WMAFHTTPClientRequest.h */ = {isa = PBXFileReference; fileEncoding = 4; lastKnownFileType = sourcecode.c.h; path = WMAFHTTPClientRequest.h; sourceTree = "<group>"; };
		1133AB04179499ED002E8B89 /* WMAFHTTPClientRequest.m */ = {isa = PBXFileReference; fileEncoding = 4; lastKnownFileType = sourcecode.c.objc; path = WMAFHTTPClientRequest.m; sourceTree = "<group>"; };
		1133AB05179499ED002E8B89 /* WMRequestProxyProtocol.h */ = {isa = PBXFileReference; fileEncoding = 4; lastKnownFileType = sourcecode.c.h; path = WMRequestProxyProtocol.h; sourceTree = "<group>"; };
		1133AB0717949ADB002E8B89 /* C46Error.h */ = {isa = PBXFileReference; fileEncoding = 4; lastKnownFileType = sourcecode.c.h; path = C46Error.h; sourceTree = "<group>"; };
		1133AB0817949ADB002E8B89 /* C46Error.m */ = {isa = PBXFileReference; fileEncoding = 4; lastKnownFileType = sourcecode.c.objc; path = C46Error.m; sourceTree = "<group>"; };
		1133AB0A17949BE4002E8B89 /* C46Cipele46APINetworkClient.h */ = {isa = PBXFileReference; fileEncoding = 4; lastKnownFileType = sourcecode.c.h; path = C46Cipele46APINetworkClient.h; sourceTree = "<group>"; };
		1133AB0B17949BE4002E8B89 /* C46Cipele46APINetworkClient.m */ = {isa = PBXFileReference; fileEncoding = 4; lastKnownFileType = sourcecode.c.objc; path = C46Cipele46APINetworkClient.m; sourceTree = "<group>"; };
		1133AB0C17949BE4002E8B89 /* C46Cipele46APIUtils.h */ = {isa = PBXFileReference; fileEncoding = 4; lastKnownFileType = sourcecode.c.h; path = C46Cipele46APIUtils.h; sourceTree = "<group>"; };
		1133AB0D17949BE4002E8B89 /* C46Cipele46APIUtils.m */ = {isa = PBXFileReference; fileEncoding = 4; lastKnownFileType = sourcecode.c.objc; path = C46Cipele46APIUtils.m; sourceTree = "<group>"; };
		1133AB101795AE5E002E8B89 /* C46AdCategory.h */ = {isa = PBXFileReference; fileEncoding = 4; lastKnownFileType = sourcecode.c.h; path = C46AdCategory.h; sourceTree = "<group>"; };
		1133AB111795AE5E002E8B89 /* C46AdCategory.m */ = {isa = PBXFileReference; fileEncoding = 4; lastKnownFileType = sourcecode.c.objc; path = C46AdCategory.m; sourceTree = "<group>"; };
		1133AB131795B4EB002E8B89 /* C46City.h */ = {isa = PBXFileReference; fileEncoding = 4; lastKnownFileType = sourcecode.c.h; path = C46City.h; sourceTree = "<group>"; };
		1133AB141795B4EB002E8B89 /* C46City.m */ = {isa = PBXFileReference; fileEncoding = 4; lastKnownFileType = sourcecode.c.objc; path = C46City.m; sourceTree = "<group>"; };
		1133AB161795BEF9002E8B89 /* C46AdImageInfo.h */ = {isa = PBXFileReference; fileEncoding = 4; lastKnownFileType = sourcecode.c.h; path = C46AdImageInfo.h; sourceTree = "<group>"; };
		1133AB171795BEF9002E8B89 /* C46AdImageInfo.m */ = {isa = PBXFileReference; fileEncoding = 4; lastKnownFileType = sourcecode.c.objc; path = C46AdImageInfo.m; sourceTree = "<group>"; };
		1133AB191795C0BF002E8B89 /* C46Region.h */ = {isa = PBXFileReference; fileEncoding = 4; lastKnownFileType = sourcecode.c.h; path = C46Region.h; sourceTree = "<group>"; };
		1133AB1A1795C0BF002E8B89 /* C46Region.m */ = {isa = PBXFileReference; fileEncoding = 4; lastKnownFileType = sourcecode.c.objc; path = C46Region.m; sourceTree = "<group>"; };
		1133AB1C1795CDBB002E8B89 /* C46AdFilter.h */ = {isa = PBXFileReference; fileEncoding = 4; lastKnownFileType = sourcecode.c.h; path = C46AdFilter.h; sourceTree = "<group>"; };
		1133AB1D1795CDBC002E8B89 /* C46AdFilter.m */ = {isa = PBXFileReference; fileEncoding = 4; lastKnownFileType = sourcecode.c.objc; path = C46AdFilter.m; sourceTree = "<group>"; };
		11B1F79017883629001B8969 /* AppIcon_114x114.png */ = {isa = PBXFileReference; lastKnownFileType = image.png; name = AppIcon_114x114.png; path = ../../AppIcon_114x114.png; sourceTree = "<group>"; };
		32E43B80178856B3008C9A88 /* ImageIO.framework */ = {isa = PBXFileReference; lastKnownFileType = wrapper.framework; name = ImageIO.framework; path = System/Library/Frameworks/ImageIO.framework; sourceTree = SDKROOT; };
		32E43B8217885A42008C9A88 /* SDWebImage.framework */ = {isa = PBXFileReference; lastKnownFileType = wrapper.framework; name = SDWebImage.framework; path = 3rdParty/SDWebImage.framework; sourceTree = "<group>"; };
		8D6E5244178838A400F0E54B /* MessageUI.framework */ = {isa = PBXFileReference; lastKnownFileType = wrapper.framework; name = MessageUI.framework; path = System/Library/Frameworks/MessageUI.framework; sourceTree = SDKROOT; };
		94C17D231787CCCE0074D7F7 /* C46AppDelegate.h */ = {isa = PBXFileReference; fileEncoding = 4; lastKnownFileType = sourcecode.c.h; path = C46AppDelegate.h; sourceTree = "<group>"; };
		94C17D241787CCCE0074D7F7 /* C46AppDelegate.m */ = {isa = PBXFileReference; fileEncoding = 4; lastKnownFileType = sourcecode.c.objc; path = C46AppDelegate.m; sourceTree = "<group>"; };
		94C17D361787CCCE0074D7F7 /* main.m */ = {isa = PBXFileReference; fileEncoding = 4; lastKnownFileType = sourcecode.c.objc; path = main.m; sourceTree = "<group>"; };
		94C17D491787CCD70074D7F7 /* Cipele46Tests-Info.plist */ = {isa = PBXFileReference; fileEncoding = 4; lastKnownFileType = text.plist.xml; path = "Cipele46Tests-Info.plist"; sourceTree = "<group>"; };
		94C17D4A1787CCD70074D7F7 /* Cipele46Tests.h */ = {isa = PBXFileReference; fileEncoding = 4; lastKnownFileType = sourcecode.c.h; path = Cipele46Tests.h; sourceTree = "<group>"; };
		94C17D4B1787CCD70074D7F7 /* Cipele46Tests.m */ = {isa = PBXFileReference; fileEncoding = 4; lastKnownFileType = sourcecode.c.objc; path = Cipele46Tests.m; sourceTree = "<group>"; };
		94C17D4D1787CCD70074D7F7 /* en */ = {isa = PBXFileReference; lastKnownFileType = text.plist.strings; name = en; path = en.lproj/InfoPlist.strings; sourceTree = "<group>"; };
		94D213471787CDB500ADAF7E /* Default-568h@2x.png */ = {isa = PBXFileReference; lastKnownFileType = image.png; path = "Default-568h@2x.png"; sourceTree = "<group>"; };
		94D213481787CDB500ADAF7E /* Default.png */ = {isa = PBXFileReference; lastKnownFileType = image.png; path = Default.png; sourceTree = "<group>"; };
		94D213491787CDB500ADAF7E /* Default@2x.png */ = {isa = PBXFileReference; lastKnownFileType = image.png; path = "Default@2x.png"; sourceTree = "<group>"; };
		94D213651787CECC00ADAF7E /* Cipele46-Info.plist */ = {isa = PBXFileReference; fileEncoding = 4; lastKnownFileType = text.plist.xml; path = "Cipele46-Info.plist"; sourceTree = "<group>"; };
		94D213661787CECC00ADAF7E /* Cipele46-Prefix.pch */ = {isa = PBXFileReference; fileEncoding = 4; lastKnownFileType = sourcecode.c.h; path = "Cipele46-Prefix.pch"; sourceTree = "<group>"; };
		94D213691787D01E00ADAF7E /* todo */ = {isa = PBXFileReference; lastKnownFileType = text; path = todo; sourceTree = "<group>"; };
		94D2136C1787FF9500ADAF7E /* AFHTTPClient.h */ = {isa = PBXFileReference; fileEncoding = 4; lastKnownFileType = sourcecode.c.h; path = AFHTTPClient.h; sourceTree = "<group>"; };
		94D2136D1787FF9500ADAF7E /* AFHTTPClient.m */ = {isa = PBXFileReference; fileEncoding = 4; lastKnownFileType = sourcecode.c.objc; path = AFHTTPClient.m; sourceTree = "<group>"; };
		94D2136E1787FF9500ADAF7E /* AFHTTPRequestOperation.h */ = {isa = PBXFileReference; fileEncoding = 4; lastKnownFileType = sourcecode.c.h; path = AFHTTPRequestOperation.h; sourceTree = "<group>"; };
		94D2136F1787FF9500ADAF7E /* AFHTTPRequestOperation.m */ = {isa = PBXFileReference; fileEncoding = 4; lastKnownFileType = sourcecode.c.objc; path = AFHTTPRequestOperation.m; sourceTree = "<group>"; };
		94D213701787FF9500ADAF7E /* AFImageRequestOperation.h */ = {isa = PBXFileReference; fileEncoding = 4; lastKnownFileType = sourcecode.c.h; path = AFImageRequestOperation.h; sourceTree = "<group>"; };
		94D213711787FF9500ADAF7E /* AFImageRequestOperation.m */ = {isa = PBXFileReference; fileEncoding = 4; lastKnownFileType = sourcecode.c.objc; path = AFImageRequestOperation.m; sourceTree = "<group>"; };
		94D213721787FF9500ADAF7E /* AFJSONRequestOperation.h */ = {isa = PBXFileReference; fileEncoding = 4; lastKnownFileType = sourcecode.c.h; path = AFJSONRequestOperation.h; sourceTree = "<group>"; };
		94D213731787FF9500ADAF7E /* AFJSONRequestOperation.m */ = {isa = PBXFileReference; fileEncoding = 4; lastKnownFileType = sourcecode.c.objc; path = AFJSONRequestOperation.m; sourceTree = "<group>"; };
		94D213741787FF9500ADAF7E /* AFNetworkActivityIndicatorManager.h */ = {isa = PBXFileReference; fileEncoding = 4; lastKnownFileType = sourcecode.c.h; path = AFNetworkActivityIndicatorManager.h; sourceTree = "<group>"; };
		94D213751787FF9500ADAF7E /* AFNetworkActivityIndicatorManager.m */ = {isa = PBXFileReference; fileEncoding = 4; lastKnownFileType = sourcecode.c.objc; path = AFNetworkActivityIndicatorManager.m; sourceTree = "<group>"; };
		94D213761787FF9500ADAF7E /* AFNetworking.h */ = {isa = PBXFileReference; fileEncoding = 4; lastKnownFileType = sourcecode.c.h; path = AFNetworking.h; sourceTree = "<group>"; };
		94D213771787FF9500ADAF7E /* AFPropertyListRequestOperation.h */ = {isa = PBXFileReference; fileEncoding = 4; lastKnownFileType = sourcecode.c.h; path = AFPropertyListRequestOperation.h; sourceTree = "<group>"; };
		94D213781787FF9500ADAF7E /* AFPropertyListRequestOperation.m */ = {isa = PBXFileReference; fileEncoding = 4; lastKnownFileType = sourcecode.c.objc; path = AFPropertyListRequestOperation.m; sourceTree = "<group>"; };
		94D213791787FF9500ADAF7E /* AFURLConnectionOperation.h */ = {isa = PBXFileReference; fileEncoding = 4; lastKnownFileType = sourcecode.c.h; path = AFURLConnectionOperation.h; sourceTree = "<group>"; };
		94D2137A1787FF9500ADAF7E /* AFURLConnectionOperation.m */ = {isa = PBXFileReference; fileEncoding = 4; lastKnownFileType = sourcecode.c.objc; path = AFURLConnectionOperation.m; sourceTree = "<group>"; };
		94D2137B1787FF9500ADAF7E /* AFXMLRequestOperation.h */ = {isa = PBXFileReference; fileEncoding = 4; lastKnownFileType = sourcecode.c.h; path = AFXMLRequestOperation.h; sourceTree = "<group>"; };
		94D2137C1787FF9500ADAF7E /* AFXMLRequestOperation.m */ = {isa = PBXFileReference; fileEncoding = 4; lastKnownFileType = sourcecode.c.objc; path = AFXMLRequestOperation.m; sourceTree = "<group>"; };
		94D2137D1787FF9500ADAF7E /* UIImageView+AFNetworking.h */ = {isa = PBXFileReference; fileEncoding = 4; lastKnownFileType = sourcecode.c.h; path = "UIImageView+AFNetworking.h"; sourceTree = "<group>"; };
		94D2137E1787FF9500ADAF7E /* UIImageView+AFNetworking.m */ = {isa = PBXFileReference; fileEncoding = 4; lastKnownFileType = sourcecode.c.objc; path = "UIImageView+AFNetworking.m"; sourceTree = "<group>"; };
		94D213881787FFC100ADAF7E /* SystemConfiguration.framework */ = {isa = PBXFileReference; lastKnownFileType = wrapper.framework; name = SystemConfiguration.framework; path = System/Library/Frameworks/SystemConfiguration.framework; sourceTree = SDKROOT; };
		94D2138A1787FFCA00ADAF7E /* MobileCoreServices.framework */ = {isa = PBXFileReference; lastKnownFileType = wrapper.framework; name = MobileCoreServices.framework; path = System/Library/Frameworks/MobileCoreServices.framework; sourceTree = SDKROOT; };
		94D213AB178827DB00ADAF7E /* hr */ = {isa = PBXFileReference; lastKnownFileType = text.plist.strings; name = hr; path = hr.lproj/InfoPlist.strings; sourceTree = "<group>"; };
		94D213AD178827EA00ADAF7E /* hr */ = {isa = PBXFileReference; lastKnownFileType = text.plist.strings; name = hr; path = hr.lproj/Localizable.strings; sourceTree = "<group>"; };
		94D213AF178827EF00ADAF7E /* en */ = {isa = PBXFileReference; lastKnownFileType = text.plist.strings; name = en; path = en.lproj/Localizable.strings; sourceTree = "<group>"; };
		94EF26461787CB8800BE46E3 /* Cipele46.app */ = {isa = PBXFileReference; explicitFileType = wrapper.application; includeInIndex = 0; path = Cipele46.app; sourceTree = BUILT_PRODUCTS_DIR; };
		94EF26491787CB8800BE46E3 /* UIKit.framework */ = {isa = PBXFileReference; lastKnownFileType = wrapper.framework; name = UIKit.framework; path = System/Library/Frameworks/UIKit.framework; sourceTree = SDKROOT; };
		94EF264B1787CB8800BE46E3 /* Foundation.framework */ = {isa = PBXFileReference; lastKnownFileType = wrapper.framework; name = Foundation.framework; path = System/Library/Frameworks/Foundation.framework; sourceTree = SDKROOT; };
		94EF264D1787CB8800BE46E3 /* CoreGraphics.framework */ = {isa = PBXFileReference; lastKnownFileType = wrapper.framework; name = CoreGraphics.framework; path = System/Library/Frameworks/CoreGraphics.framework; sourceTree = SDKROOT; };
		94EF267A1787CB8800BE46E3 /* Cipele46Tests.octest */ = {isa = PBXFileReference; explicitFileType = wrapper.cfbundle; includeInIndex = 0; path = Cipele46Tests.octest; sourceTree = BUILT_PRODUCTS_DIR; };
		94EF267B1787CB8800BE46E3 /* SenTestingKit.framework */ = {isa = PBXFileReference; lastKnownFileType = wrapper.framework; name = SenTestingKit.framework; path = Library/Frameworks/SenTestingKit.framework; sourceTree = DEVELOPER_DIR; };
		C2C0FD9A1788047900AD355B /* FacebookSDK.framework */ = {isa = PBXFileReference; lastKnownFileType = wrapper.framework; name = FacebookSDK.framework; path = 3rdParty/FacebookSDK.framework; sourceTree = "<group>"; };
		C2C0FDA4178813C900AD355B /* NSString+URLEncoding.h */ = {isa = PBXFileReference; fileEncoding = 4; lastKnownFileType = sourcecode.c.h; name = "NSString+URLEncoding.h"; path = "Utils/NSString+URLEncoding.h"; sourceTree = "<group>"; };
		C2C0FDA5178813C900AD355B /* NSString+URLEncoding.m */ = {isa = PBXFileReference; fileEncoding = 4; lastKnownFileType = sourcecode.c.objc; name = "NSString+URLEncoding.m"; path = "Utils/NSString+URLEncoding.m"; sourceTree = "<group>"; };
		C2C0FDA71788144A00AD355B /* Security.framework */ = {isa = PBXFileReference; lastKnownFileType = wrapper.framework; name = Security.framework; path = System/Library/Frameworks/Security.framework; sourceTree = SDKROOT; };
		C2C0FDA91788145000AD355B /* Social.framework */ = {isa = PBXFileReference; lastKnownFileType = wrapper.framework; name = Social.framework; path = System/Library/Frameworks/Social.framework; sourceTree = SDKROOT; };
		C2C0FDAB1788148A00AD355B /* Accounts.framework */ = {isa = PBXFileReference; lastKnownFileType = wrapper.framework; name = Accounts.framework; path = System/Library/Frameworks/Accounts.framework; sourceTree = SDKROOT; };
		C2C0FDAD1788149400AD355B /* AdSupport.framework */ = {isa = PBXFileReference; lastKnownFileType = wrapper.framework; name = AdSupport.framework; path = System/Library/Frameworks/AdSupport.framework; sourceTree = SDKROOT; };
		C2C0FDAF178814A000AD355B /* libsqlite3.dylib */ = {isa = PBXFileReference; lastKnownFileType = "compiled.mach-o.dylib"; name = libsqlite3.dylib; path = usr/lib/libsqlite3.dylib; sourceTree = SDKROOT; };
/* End PBXFileReference section */

/* Begin PBXFrameworksBuildPhase section */
		94EF26431787CB8800BE46E3 /* Frameworks */ = {
			isa = PBXFrameworksBuildPhase;
			buildActionMask = 2147483647;
			files = (
				32E43B81178856B3008C9A88 /* ImageIO.framework in Frameworks */,
				8D6E5245178838A400F0E54B /* MessageUI.framework in Frameworks */,
				C2C0FDB0178814A000AD355B /* libsqlite3.dylib in Frameworks */,
				C2C0FDAE1788149400AD355B /* AdSupport.framework in Frameworks */,
				C2C0FDAC1788148A00AD355B /* Accounts.framework in Frameworks */,
				C2C0FDAA1788145000AD355B /* Social.framework in Frameworks */,
				C2C0FDA81788144A00AD355B /* Security.framework in Frameworks */,
				94D2138D1788008A00ADAF7E /* MobileCoreServices.framework in Frameworks */,
				94D2138C1788008500ADAF7E /* SystemConfiguration.framework in Frameworks */,
				94EF264A1787CB8800BE46E3 /* UIKit.framework in Frameworks */,
				94EF264C1787CB8800BE46E3 /* Foundation.framework in Frameworks */,
				94EF264E1787CB8800BE46E3 /* CoreGraphics.framework in Frameworks */,
				C2C0FD9B1788047900AD355B /* FacebookSDK.framework in Frameworks */,
				32E43B8317885A42008C9A88 /* SDWebImage.framework in Frameworks */,
			);
			runOnlyForDeploymentPostprocessing = 0;
		};
		94EF26761787CB8800BE46E3 /* Frameworks */ = {
			isa = PBXFrameworksBuildPhase;
			buildActionMask = 2147483647;
			files = (
				94D2138B1787FFCA00ADAF7E /* MobileCoreServices.framework in Frameworks */,
				94D213891787FFC100ADAF7E /* SystemConfiguration.framework in Frameworks */,
				94EF267C1787CB8800BE46E3 /* SenTestingKit.framework in Frameworks */,
				94EF267D1787CB8800BE46E3 /* UIKit.framework in Frameworks */,
				94EF267E1787CB8800BE46E3 /* Foundation.framework in Frameworks */,
			);
			runOnlyForDeploymentPostprocessing = 0;
		};
/* End PBXFrameworksBuildPhase section */

/* Begin PBXGroup section */
		1133AA8817949440002E8B89 /* DataSource */ = {
			isa = PBXGroup;
			children = (
				1133AB0A17949BE4002E8B89 /* C46Cipele46APINetworkClient.h */,
				1133AB0B17949BE4002E8B89 /* C46Cipele46APINetworkClient.m */,
				1133AB0C17949BE4002E8B89 /* C46Cipele46APIUtils.h */,
				1133AB0D17949BE4002E8B89 /* C46Cipele46APIUtils.m */,
				1133AA8917949440002E8B89 /* C46DataSource.h */,
				1133AA8A17949440002E8B89 /* C46DataSource.m */,
			);
			path = DataSource;
			sourceTree = "<group>";
		};
		1133AA8B17949440002E8B89 /* Model */ = {
			isa = PBXGroup;
			children = (
				1133AB0717949ADB002E8B89 /* C46Error.h */,
				1133AB0817949ADB002E8B89 /* C46Error.m */,
				1133AA8C17949440002E8B89 /* C46Ad.h */,
				1133AA8D17949440002E8B89 /* C46Ad.m */,
				1133AB101795AE5E002E8B89 /* C46AdCategory.h */,
				1133AB111795AE5E002E8B89 /* C46AdCategory.m */,
				1133AB131795B4EB002E8B89 /* C46City.h */,
				1133AB141795B4EB002E8B89 /* C46City.m */,
				1133AB161795BEF9002E8B89 /* C46AdImageInfo.h */,
				1133AB171795BEF9002E8B89 /* C46AdImageInfo.m */,
				1133AB191795C0BF002E8B89 /* C46Region.h */,
				1133AB1A1795C0BF002E8B89 /* C46Region.m */,
				1133AB1C1795CDBB002E8B89 /* C46AdFilter.h */,
				1133AB1D1795CDBC002E8B89 /* C46AdFilter.m */,
			);
			path = Model;
			sourceTree = "<group>";
		};
		1133AA9117949440002E8B89 /* UI */ = {
			isa = PBXGroup;
			children = (
				1133AAEC17949522002E8B89 /* AuthenticationViewControllers */,
				1133AA9217949440002E8B89 /* AdDetailViewController */,
				1133AA9D17949440002E8B89 /* AdFilterViewController */,
				1133AAA117949440002E8B89 /* AdListViewController */,
				1133AAA817949440002E8B89 /* AdsViewController */,
				1133AAAC17949440002E8B89 /* HomeTabBarController */,
				1133AAB417949440002E8B89 /* MessageViewController */,
				1133AAB817949440002E8B89 /* MyAdsViewController */,
			);
			path = UI;
			sourceTree = "<group>";
		};
		1133AA9217949440002E8B89 /* AdDetailViewController */ = {
			isa = PBXGroup;
			children = (
				1133AA9317949440002E8B89 /* Assets */,
				1133AA9A17949440002E8B89 /* C46AdDetailViewController.h */,
				1133AA9B17949440002E8B89 /* C46AdDetailViewController.m */,
				1133AA9C17949440002E8B89 /* C46AdDetailViewController.xib */,
			);
			path = AdDetailViewController;
			sourceTree = "<group>";
		};
		1133AA9317949440002E8B89 /* Assets */ = {
			isa = PBXGroup;
			children = (
				1133AA9417949440002E8B89 /* favorites_icon_empty@2x.png */,
				1133AA9517949440002E8B89 /* favorites_icon_full@2x.png */,
				1133AA9617949440002E8B89 /* place_icon_blue@2x.png */,
				1133AA9717949440002E8B89 /* place_icon_red@2x.png */,
				1133AA9817949440002E8B89 /* time_icon_blue@2x.png */,
				1133AA9917949440002E8B89 /* time_icon_red@2x.png */,
			);
			path = Assets;
			sourceTree = "<group>";
		};
		1133AA9D17949440002E8B89 /* AdFilterViewController */ = {
			isa = PBXGroup;
			children = (
				1133AA9E17949440002E8B89 /* C46AdFilterViewController.h */,
				1133AA9F17949440002E8B89 /* C46AdFilterViewController.m */,
				1133AAA017949440002E8B89 /* C46AdFilterViewController.xib */,
			);
			path = AdFilterViewController;
			sourceTree = "<group>";
		};
		1133AAA117949440002E8B89 /* AdListViewController */ = {
			isa = PBXGroup;
			children = (
				1133AAA217949440002E8B89 /* C46AdCell.h */,
				1133AAA317949440002E8B89 /* C46AdCell.m */,
				1133AAA417949440002E8B89 /* C46AdCell.xib */,
				1133AAA517949440002E8B89 /* C46AdListViewController.h */,
				1133AAA617949440002E8B89 /* C46AdListViewController.m */,
				1133AAA717949440002E8B89 /* C46AdListViewController.xib */,
			);
			path = AdListViewController;
			sourceTree = "<group>";
		};
		1133AAA817949440002E8B89 /* AdsViewController */ = {
			isa = PBXGroup;
			children = (
				1133AAA917949440002E8B89 /* C46AdsViewController.h */,
				1133AAAA17949440002E8B89 /* C46AdsViewController.m */,
				1133AAAB17949440002E8B89 /* C46AdsViewController.xib */,
			);
			path = AdsViewController;
			sourceTree = "<group>";
		};
		1133AAAC17949440002E8B89 /* HomeTabBarController */ = {
			isa = PBXGroup;
			children = (
				1133AAAD17949440002E8B89 /* C46AdsViewControllerDelegate.h */,
				1133AAAE17949440002E8B89 /* C46HomeTabBarController.h */,
				1133AAAF17949440002E8B89 /* C46HomeTabBarController.m */,
			);
			path = HomeTabBarController;
			sourceTree = "<group>";
		};
		1133AAB417949440002E8B89 /* MessageViewController */ = {
			isa = PBXGroup;
			children = (
				1133AAB517949440002E8B89 /* C46MessageViewController.h */,
				1133AAB617949440002E8B89 /* C46MessageViewController.m */,
				1133AAB717949440002E8B89 /* C46MessageViewController.xib */,
			);
			path = MessageViewController;
			sourceTree = "<group>";
		};
		1133AAB817949440002E8B89 /* MyAdsViewController */ = {
			isa = PBXGroup;
			children = (
				1133AAB917949440002E8B89 /* C46MyAdsViewController.h */,
				1133AABA17949440002E8B89 /* C46MyAdsViewController.m */,
				1133AABB17949440002E8B89 /* C46MyAdsViewController.xib */,
			);
			path = MyAdsViewController;
			sourceTree = "<group>";
		};
		1133AABC17949440002E8B89 /* RegisterUserViewController */ = {
			isa = PBXGroup;
			children = (
				1133AABD17949440002E8B89 /* C46RegisterUserViewController.h */,
				1133AABE17949440002E8B89 /* C46RegisterUserViewController.m */,
				1133AABF17949440002E8B89 /* C46RegisterUserViewController.xib */,
			);
			path = RegisterUserViewController;
			sourceTree = "<group>";
		};
		1133AAC017949440002E8B89 /* UserManagement */ = {
			isa = PBXGroup;
			children = (
				1133AAC117949440002E8B89 /* C46FacebookConnect.h */,
				1133AAC217949440002E8B89 /* C46FacebookConnect.m */,
				1133AAC317949440002E8B89 /* C46UserInfo.h */,
				1133AAC417949440002E8B89 /* C46UserInfo.m */,
				1133AAC517949440002E8B89 /* C46UserManager.h */,
				1133AAC617949440002E8B89 /* C46UserManager.m */,
			);
			path = UserManagement;
			sourceTree = "<group>";
		};
		1133AAE617949515002E8B89 /* LoginUserViewController */ = {
			isa = PBXGroup;
			children = (
				1133AAE717949515002E8B89 /* C46LoginUserViewController.h */,
				1133AAE817949515002E8B89 /* C46LoginUserViewController.m */,
				1133AAE917949515002E8B89 /* C46LoginUserViewController.xib */,
			);
			path = LoginUserViewController;
			sourceTree = "<group>";
		};
		1133AAEC17949522002E8B89 /* AuthenticationViewControllers */ = {
			isa = PBXGroup;
			children = (
				1133AAE617949515002E8B89 /* LoginUserViewController */,
				1133AABC17949440002E8B89 /* RegisterUserViewController */,
			);
			name = AuthenticationViewControllers;
			sourceTree = "<group>";
		};
		1133AAF11794980D002E8B89 /* Categories */ = {
			isa = PBXGroup;
			children = (
				1133AAF21794980D002E8B89 /* NSMutableDictionary+Additions.h */,
				1133AAF31794980D002E8B89 /* NSMutableDictionary+Additions.m */,
			);
			path = Categories;
			sourceTree = "<group>";
		};
		1133AAF5179498CA002E8B89 /* DDLog */ = {
			isa = PBXGroup;
			children = (
				1133AAF6179498CA002E8B89 /* DDASLLogger.h */,
				1133AAF7179498CA002E8B89 /* DDASLLogger.m */,
				1133AAF8179498CA002E8B89 /* DDLog.h */,
				1133AAF9179498CA002E8B89 /* DDLog.m */,
				1133AAFA179498CA002E8B89 /* DDTTYLogger.h */,
				1133AAFB179498CA002E8B89 /* DDTTYLogger.m */,
			);
			path = DDLog;
			sourceTree = "<group>";
		};
		1133AB02179499ED002E8B89 /* AFNetworkingAddtions */ = {
			isa = PBXGroup;
			children = (
				1133AB03179499ED002E8B89 /* WMAFHTTPClientRequest.h */,
				1133AB04179499ED002E8B89 /* WMAFHTTPClientRequest.m */,
				1133AB05179499ED002E8B89 /* WMRequestProxyProtocol.h */,
			);
			path = AFNetworkingAddtions;
			sourceTree = "<group>";
		};
		11856334178860AB00149AAB /* MBProgressHUD */ = {
			isa = PBXGroup;
			children = (
				1133AAFF179498E3002E8B89 /* MBProgressHUD.h */,
				1133AB00179498E3002E8B89 /* MBProgressHUD.m */,
			);
			name = MBProgressHUD;
			sourceTree = "<group>";
		};
		94C17D221787CCCE0074D7F7 /* Cipele46 */ = {
			isa = PBXGroup;
			children = (
				94D213461787CDB500ADAF7E /* Assets */,
				94D2134D1787CE8B00ADAF7E /* Classes */,
				94D213681787D01E00ADAF7E /* Documentation */,
				94D213641787CECC00ADAF7E /* SupportingFiles */,
				94C17D231787CCCE0074D7F7 /* C46AppDelegate.h */,
				94C17D241787CCCE0074D7F7 /* C46AppDelegate.m */,
				94C17D361787CCCE0074D7F7 /* main.m */,
			);
			path = Cipele46;
			sourceTree = "<group>";
		};
		94C17D481787CCD70074D7F7 /* Cipele46Tests */ = {
			isa = PBXGroup;
			children = (
				94C17D491787CCD70074D7F7 /* Cipele46Tests-Info.plist */,
				94C17D4A1787CCD70074D7F7 /* Cipele46Tests.h */,
				94C17D4B1787CCD70074D7F7 /* Cipele46Tests.m */,
				94C17D4C1787CCD70074D7F7 /* InfoPlist.strings */,
			);
			path = Cipele46Tests;
			sourceTree = "<group>";
		};
		94D213461787CDB500ADAF7E /* Assets */ = {
			isa = PBXGroup;
			children = (
				11B1F79017883629001B8969 /* AppIcon_114x114.png */,
				94D213471787CDB500ADAF7E /* Default-568h@2x.png */,
				94D213481787CDB500ADAF7E /* Default.png */,
				94D213491787CDB500ADAF7E /* Default@2x.png */,
			);
			path = Assets;
			sourceTree = "<group>";
		};
		94D2134D1787CE8B00ADAF7E /* Classes */ = {
			isa = PBXGroup;
			children = (
				1133AAF11794980D002E8B89 /* Categories */,
				1133AA8817949440002E8B89 /* DataSource */,
				1133AA8B17949440002E8B89 /* Model */,
				1133AA9117949440002E8B89 /* UI */,
				1133AAC017949440002E8B89 /* UserManagement */,
			);
			path = Classes;
			sourceTree = "<group>";
		};
		94D213641787CECC00ADAF7E /* SupportingFiles */ = {
			isa = PBXGroup;
			children = (
				94D213651787CECC00ADAF7E /* Cipele46-Info.plist */,
				94D213661787CECC00ADAF7E /* Cipele46-Prefix.pch */,
				94D213AE178827EA00ADAF7E /* Localizable.strings */,
			);
			path = SupportingFiles;
			sourceTree = "<group>";
		};
		94D213681787D01E00ADAF7E /* Documentation */ = {
			isa = PBXGroup;
			children = (
				94D213691787D01E00ADAF7E /* todo */,
			);
			path = Documentation;
			sourceTree = "<group>";
		};
		94D2136A1787FF9500ADAF7E /* 3rdParty */ = {
			isa = PBXGroup;
			children = (
				1133AB02179499ED002E8B89 /* AFNetworkingAddtions */,
				1133AAF5179498CA002E8B89 /* DDLog */,
				11856334178860AB00149AAB /* MBProgressHUD */,
				C2C0FDA3178813BB00AD355B /* Utils */,
				94D2136B1787FF9500ADAF7E /* AFNetworking */,
			);
			path = 3rdParty;
			sourceTree = "<group>";
		};
		94D2136B1787FF9500ADAF7E /* AFNetworking */ = {
			isa = PBXGroup;
			children = (
				94D2136C1787FF9500ADAF7E /* AFHTTPClient.h */,
				94D2136D1787FF9500ADAF7E /* AFHTTPClient.m */,
				94D2136E1787FF9500ADAF7E /* AFHTTPRequestOperation.h */,
				94D2136F1787FF9500ADAF7E /* AFHTTPRequestOperation.m */,
				94D213701787FF9500ADAF7E /* AFImageRequestOperation.h */,
				94D213711787FF9500ADAF7E /* AFImageRequestOperation.m */,
				94D213721787FF9500ADAF7E /* AFJSONRequestOperation.h */,
				94D213731787FF9500ADAF7E /* AFJSONRequestOperation.m */,
				94D213741787FF9500ADAF7E /* AFNetworkActivityIndicatorManager.h */,
				94D213751787FF9500ADAF7E /* AFNetworkActivityIndicatorManager.m */,
				94D213761787FF9500ADAF7E /* AFNetworking.h */,
				94D213771787FF9500ADAF7E /* AFPropertyListRequestOperation.h */,
				94D213781787FF9500ADAF7E /* AFPropertyListRequestOperation.m */,
				94D213791787FF9500ADAF7E /* AFURLConnectionOperation.h */,
				94D2137A1787FF9500ADAF7E /* AFURLConnectionOperation.m */,
				94D2137B1787FF9500ADAF7E /* AFXMLRequestOperation.h */,
				94D2137C1787FF9500ADAF7E /* AFXMLRequestOperation.m */,
				94D2137D1787FF9500ADAF7E /* UIImageView+AFNetworking.h */,
				94D2137E1787FF9500ADAF7E /* UIImageView+AFNetworking.m */,
			);
			path = AFNetworking;
			sourceTree = "<group>";
		};
		94EF263D1787CB8800BE46E3 = {
			isa = PBXGroup;
			children = (
				94D2136A1787FF9500ADAF7E /* 3rdParty */,
				94C17D221787CCCE0074D7F7 /* Cipele46 */,
				94C17D481787CCD70074D7F7 /* Cipele46Tests */,
				94EF26481787CB8800BE46E3 /* Frameworks */,
				94EF26471787CB8800BE46E3 /* Products */,
			);
			sourceTree = "<group>";
		};
		94EF26471787CB8800BE46E3 /* Products */ = {
			isa = PBXGroup;
			children = (
				94EF26461787CB8800BE46E3 /* Cipele46.app */,
				94EF267A1787CB8800BE46E3 /* Cipele46Tests.octest */,
			);
			name = Products;
			sourceTree = "<group>";
		};
		94EF26481787CB8800BE46E3 /* Frameworks */ = {
			isa = PBXGroup;
			children = (
				32E43B8217885A42008C9A88 /* SDWebImage.framework */,
				32E43B80178856B3008C9A88 /* ImageIO.framework */,
				8D6E5244178838A400F0E54B /* MessageUI.framework */,
				C2C0FDAF178814A000AD355B /* libsqlite3.dylib */,
				C2C0FDAD1788149400AD355B /* AdSupport.framework */,
				C2C0FDAB1788148A00AD355B /* Accounts.framework */,
				C2C0FDA91788145000AD355B /* Social.framework */,
				C2C0FDA71788144A00AD355B /* Security.framework */,
				C2C0FD9A1788047900AD355B /* FacebookSDK.framework */,
				94D2138A1787FFCA00ADAF7E /* MobileCoreServices.framework */,
				94D213881787FFC100ADAF7E /* SystemConfiguration.framework */,
				94EF26491787CB8800BE46E3 /* UIKit.framework */,
				94EF264B1787CB8800BE46E3 /* Foundation.framework */,
				94EF264D1787CB8800BE46E3 /* CoreGraphics.framework */,
				94EF267B1787CB8800BE46E3 /* SenTestingKit.framework */,
			);
			name = Frameworks;
			sourceTree = "<group>";
		};
		C2C0FDA3178813BB00AD355B /* Utils */ = {
			isa = PBXGroup;
			children = (
				C2C0FDA4178813C900AD355B /* NSString+URLEncoding.h */,
				C2C0FDA5178813C900AD355B /* NSString+URLEncoding.m */,
			);
			name = Utils;
			sourceTree = "<group>";
		};
/* End PBXGroup section */

/* Begin PBXNativeTarget section */
		94EF26451787CB8800BE46E3 /* Cipele46 */ = {
			isa = PBXNativeTarget;
			buildConfigurationList = 94EF268C1787CB8800BE46E3 /* Build configuration list for PBXNativeTarget "Cipele46" */;
			buildPhases = (
				94EF26421787CB8800BE46E3 /* Sources */,
				94EF26431787CB8800BE46E3 /* Frameworks */,
				94EF26441787CB8800BE46E3 /* Resources */,
			);
			buildRules = (
			);
			dependencies = (
			);
			name = Cipele46;
			productName = Cipele46;
			productReference = 94EF26461787CB8800BE46E3 /* Cipele46.app */;
			productType = "com.apple.product-type.application";
		};
		94EF26791787CB8800BE46E3 /* Cipele46Tests */ = {
			isa = PBXNativeTarget;
			buildConfigurationList = 94EF268F1787CB8800BE46E3 /* Build configuration list for PBXNativeTarget "Cipele46Tests" */;
			buildPhases = (
				94EF26751787CB8800BE46E3 /* Sources */,
				94EF26761787CB8800BE46E3 /* Frameworks */,
				94EF26771787CB8800BE46E3 /* Resources */,
				94EF26781787CB8800BE46E3 /* ShellScript */,
			);
			buildRules = (
			);
			dependencies = (
				94EF26801787CB8800BE46E3 /* PBXTargetDependency */,
			);
			name = Cipele46Tests;
			productName = Cipele46Tests;
			productReference = 94EF267A1787CB8800BE46E3 /* Cipele46Tests.octest */;
			productType = "com.apple.product-type.bundle";
		};
/* End PBXNativeTarget section */

/* Begin PBXProject section */
		94EF263E1787CB8800BE46E3 /* Project object */ = {
			isa = PBXProject;
			attributes = {
				CLASSPREFIX = C46;
				LastUpgradeCheck = 0460;
				ORGANIZATIONNAME = "Miran Brajsa";
			};
			buildConfigurationList = 94EF26411787CB8800BE46E3 /* Build configuration list for PBXProject "Cipele46" */;
			compatibilityVersion = "Xcode 3.2";
			developmentRegion = English;
			hasScannedForEncodings = 0;
			knownRegions = (
				en,
				hr,
			);
			mainGroup = 94EF263D1787CB8800BE46E3;
			productRefGroup = 94EF26471787CB8800BE46E3 /* Products */;
			projectDirPath = "";
			projectRoot = "";
			targets = (
				94EF26451787CB8800BE46E3 /* Cipele46 */,
				94EF26791787CB8800BE46E3 /* Cipele46Tests */,
			);
		};
/* End PBXProject section */

/* Begin PBXResourcesBuildPhase section */
		94EF26441787CB8800BE46E3 /* Resources */ = {
			isa = PBXResourcesBuildPhase;
			buildActionMask = 2147483647;
			files = (
				94D2134A1787CDB500ADAF7E /* Default-568h@2x.png in Resources */,
				94D2134B1787CDB500ADAF7E /* Default.png in Resources */,
				94D2134C1787CDB500ADAF7E /* Default@2x.png in Resources */,
				94D213AC178827EA00ADAF7E /* Localizable.strings in Resources */,
				11B1F79117883629001B8969 /* AppIcon_114x114.png in Resources */,
				1133AACA17949440002E8B89 /* favorites_icon_empty@2x.png in Resources */,
				1133AACB17949440002E8B89 /* favorites_icon_full@2x.png in Resources */,
				1133AACC17949440002E8B89 /* place_icon_blue@2x.png in Resources */,
				1133AACD17949440002E8B89 /* place_icon_red@2x.png in Resources */,
				1133AACE17949440002E8B89 /* time_icon_blue@2x.png in Resources */,
				1133AACF17949440002E8B89 /* time_icon_red@2x.png in Resources */,
				1133AAD117949440002E8B89 /* C46AdDetailViewController.xib in Resources */,
				1133AAD317949440002E8B89 /* C46AdFilterViewController.xib in Resources */,
				1133AAD517949440002E8B89 /* C46AdCell.xib in Resources */,
				1133AAD717949440002E8B89 /* C46AdListViewController.xib in Resources */,
				1133AAD917949440002E8B89 /* C46AdsViewController.xib in Resources */,
				1133AADE17949440002E8B89 /* C46MessageViewController.xib in Resources */,
				1133AAE017949440002E8B89 /* C46MyAdsViewController.xib in Resources */,
				1133AAE217949440002E8B89 /* C46RegisterUserViewController.xib in Resources */,
				1133AAEB17949515002E8B89 /* C46LoginUserViewController.xib in Resources */,
			);
			runOnlyForDeploymentPostprocessing = 0;
		};
		94EF26771787CB8800BE46E3 /* Resources */ = {
			isa = PBXResourcesBuildPhase;
			buildActionMask = 2147483647;
			files = (
			);
			runOnlyForDeploymentPostprocessing = 0;
		};
/* End PBXResourcesBuildPhase section */

/* Begin PBXShellScriptBuildPhase section */
		94EF26781787CB8800BE46E3 /* ShellScript */ = {
			isa = PBXShellScriptBuildPhase;
			buildActionMask = 2147483647;
			files = (
			);
			inputPaths = (
			);
			outputPaths = (
			);
			runOnlyForDeploymentPostprocessing = 0;
			shellPath = /bin/sh;
			shellScript = "# Run the unit tests in this test bundle.\n\"${SYSTEM_DEVELOPER_DIR}/Tools/RunUnitTests\"\n";
		};
/* End PBXShellScriptBuildPhase section */

/* Begin PBXSourcesBuildPhase section */
		94EF26421787CB8800BE46E3 /* Sources */ = {
			isa = PBXSourcesBuildPhase;
			buildActionMask = 2147483647;
			files = (
				94C17D391787CCCE0074D7F7 /* C46AppDelegate.m in Sources */,
				94C17D451787CCCE0074D7F7 /* main.m in Sources */,
				94D2137F1787FF9500ADAF7E /* AFHTTPClient.m in Sources */,
				94D213801787FF9500ADAF7E /* AFHTTPRequestOperation.m in Sources */,
				94D213811787FF9500ADAF7E /* AFImageRequestOperation.m in Sources */,
				94D213821787FF9500ADAF7E /* AFJSONRequestOperation.m in Sources */,
				94D213831787FF9500ADAF7E /* AFNetworkActivityIndicatorManager.m in Sources */,
				94D213841787FF9500ADAF7E /* AFPropertyListRequestOperation.m in Sources */,
				94D213851787FF9500ADAF7E /* AFURLConnectionOperation.m in Sources */,
				94D213861787FF9500ADAF7E /* AFXMLRequestOperation.m in Sources */,
				94D213871787FF9500ADAF7E /* UIImageView+AFNetworking.m in Sources */,
				C2C0FDA6178813C900AD355B /* NSString+URLEncoding.m in Sources */,
				1133AAC717949440002E8B89 /* C46DataSource.m in Sources */,
				1133AAC817949440002E8B89 /* C46Ad.m in Sources */,
				1133AAD017949440002E8B89 /* C46AdDetailViewController.m in Sources */,
				1133AAD217949440002E8B89 /* C46AdFilterViewController.m in Sources */,
				1133AAD417949440002E8B89 /* C46AdCell.m in Sources */,
				1133AAD617949440002E8B89 /* C46AdListViewController.m in Sources */,
				1133AAD817949440002E8B89 /* C46AdsViewController.m in Sources */,
				1133AADA17949440002E8B89 /* C46HomeTabBarController.m in Sources */,
				1133AADD17949440002E8B89 /* C46MessageViewController.m in Sources */,
				1133AADF17949440002E8B89 /* C46MyAdsViewController.m in Sources */,
				1133AAE117949440002E8B89 /* C46RegisterUserViewController.m in Sources */,
				1133AAE317949440002E8B89 /* C46FacebookConnect.m in Sources */,
				1133AAE417949440002E8B89 /* C46UserInfo.m in Sources */,
				1133AAE517949440002E8B89 /* C46UserManager.m in Sources */,
				1133AAEA17949515002E8B89 /* C46LoginUserViewController.m in Sources */,
				1133AAF41794980D002E8B89 /* NSMutableDictionary+Additions.m in Sources */,
				1133AAFC179498CA002E8B89 /* DDASLLogger.m in Sources */,
				1133AAFD179498CA002E8B89 /* DDLog.m in Sources */,
				1133AAFE179498CA002E8B89 /* DDTTYLogger.m in Sources */,
				1133AB01179498E3002E8B89 /* MBProgressHUD.m in Sources */,
				1133AB06179499ED002E8B89 /* WMAFHTTPClientRequest.m in Sources */,
				1133AB0917949ADB002E8B89 /* C46Error.m in Sources */,
				1133AB0E17949BE4002E8B89 /* C46Cipele46APINetworkClient.m in Sources */,
				1133AB0F17949BE4002E8B89 /* C46Cipele46APIUtils.m in Sources */,
				1133AB121795AE5F002E8B89 /* C46AdCategory.m in Sources */,
				1133AB151795B4EB002E8B89 /* C46City.m in Sources */,
				1133AB181795BEF9002E8B89 /* C46AdImageInfo.m in Sources */,
				1133AB1B1795C0C0002E8B89 /* C46Region.m in Sources */,
				1133AB1E1795CDBC002E8B89 /* C46AdFilter.m in Sources */,
			);
			runOnlyForDeploymentPostprocessing = 0;
		};
		94EF26751787CB8800BE46E3 /* Sources */ = {
			isa = PBXSourcesBuildPhase;
			buildActionMask = 2147483647;
			files = (
				94C17D4F1787CCD70074D7F7 /* Cipele46Tests.m in Sources */,
			);
			runOnlyForDeploymentPostprocessing = 0;
		};
/* End PBXSourcesBuildPhase section */

/* Begin PBXTargetDependency section */
		94EF26801787CB8800BE46E3 /* PBXTargetDependency */ = {
			isa = PBXTargetDependency;
			target = 94EF26451787CB8800BE46E3 /* Cipele46 */;
			targetProxy = 94EF267F1787CB8800BE46E3 /* PBXContainerItemProxy */;
		};
/* End PBXTargetDependency section */

/* Begin PBXVariantGroup section */
		94C17D4C1787CCD70074D7F7 /* InfoPlist.strings */ = {
			isa = PBXVariantGroup;
			children = (
				94C17D4D1787CCD70074D7F7 /* en */,
				94D213AB178827DB00ADAF7E /* hr */,
			);
			name = InfoPlist.strings;
			sourceTree = "<group>";
		};
		94D213AE178827EA00ADAF7E /* Localizable.strings */ = {
			isa = PBXVariantGroup;
			children = (
				94D213AD178827EA00ADAF7E /* hr */,
				94D213AF178827EF00ADAF7E /* en */,
			);
			name = Localizable.strings;
			sourceTree = "<group>";
		};
/* End PBXVariantGroup section */

/* Begin XCBuildConfiguration section */
		94EF268A1787CB8800BE46E3 /* Debug */ = {
			isa = XCBuildConfiguration;
			buildSettings = {
				ALWAYS_SEARCH_USER_PATHS = NO;
				CLANG_CXX_LANGUAGE_STANDARD = "gnu++0x";
				CLANG_CXX_LIBRARY = "libc++";
				CLANG_ENABLE_OBJC_ARC = YES;
				CLANG_WARN_CONSTANT_CONVERSION = YES;
				CLANG_WARN_EMPTY_BODY = YES;
				CLANG_WARN_ENUM_CONVERSION = YES;
				CLANG_WARN_INT_CONVERSION = YES;
				CLANG_WARN__DUPLICATE_METHOD_MATCH = YES;
				"CODE_SIGN_IDENTITY[sdk=iphoneos*]" = "iPhone Developer";
				COPY_PHASE_STRIP = NO;
				GCC_C_LANGUAGE_STANDARD = gnu99;
				GCC_DYNAMIC_NO_PIC = NO;
				GCC_OPTIMIZATION_LEVEL = 0;
				GCC_PREPROCESSOR_DEFINITIONS = (
					"DEBUG=1",
					"$(inherited)",
				);
				GCC_SYMBOLS_PRIVATE_EXTERN = NO;
				GCC_WARN_ABOUT_RETURN_TYPE = YES;
				GCC_WARN_UNINITIALIZED_AUTOS = YES;
				GCC_WARN_UNUSED_VARIABLE = YES;
				IPHONEOS_DEPLOYMENT_TARGET = 6.1;
				ONLY_ACTIVE_ARCH = YES;
				SDKROOT = iphoneos;
			};
			name = Debug;
		};
		94EF268B1787CB8800BE46E3 /* Release */ = {
			isa = XCBuildConfiguration;
			buildSettings = {
				ALWAYS_SEARCH_USER_PATHS = NO;
				CLANG_CXX_LANGUAGE_STANDARD = "gnu++0x";
				CLANG_CXX_LIBRARY = "libc++";
				CLANG_ENABLE_OBJC_ARC = YES;
				CLANG_WARN_CONSTANT_CONVERSION = YES;
				CLANG_WARN_EMPTY_BODY = YES;
				CLANG_WARN_ENUM_CONVERSION = YES;
				CLANG_WARN_INT_CONVERSION = YES;
				CLANG_WARN__DUPLICATE_METHOD_MATCH = YES;
				"CODE_SIGN_IDENTITY[sdk=iphoneos*]" = "iPhone Developer";
				COPY_PHASE_STRIP = YES;
				GCC_C_LANGUAGE_STANDARD = gnu99;
				GCC_WARN_ABOUT_RETURN_TYPE = YES;
				GCC_WARN_UNINITIALIZED_AUTOS = YES;
				GCC_WARN_UNUSED_VARIABLE = YES;
				IPHONEOS_DEPLOYMENT_TARGET = 6.1;
				OTHER_CFLAGS = "-DNS_BLOCK_ASSERTIONS=1";
				SDKROOT = iphoneos;
				VALIDATE_PRODUCT = YES;
			};
			name = Release;
		};
		94EF268D1787CB8800BE46E3 /* Debug */ = {
			isa = XCBuildConfiguration;
			buildSettings = {
				FRAMEWORK_SEARCH_PATHS = (
					"$(inherited)",
					"\"$(SRCROOT)/3rdParty\"",
				);
				GCC_PRECOMPILE_PREFIX_HEADER = YES;
				GCC_PREFIX_HEADER = "Cipele46/SupportingFiles/Cipele46-Prefix.pch";
				INFOPLIST_FILE = "Cipele46/SupportingFiles/Cipele46-Info.plist";
				OTHER_LDFLAGS = "-ObjC";
				PRODUCT_NAME = "$(TARGET_NAME)";
				WRAPPER_EXTENSION = app;
			};
			name = Debug;
		};
		94EF268E1787CB8800BE46E3 /* Release */ = {
			isa = XCBuildConfiguration;
			buildSettings = {
				FRAMEWORK_SEARCH_PATHS = (
					"$(inherited)",
					"\"$(SRCROOT)/3rdParty\"",
				);
				GCC_PRECOMPILE_PREFIX_HEADER = YES;
				GCC_PREFIX_HEADER = "Cipele46/SupportingFiles/Cipele46-Prefix.pch";
				INFOPLIST_FILE = "Cipele46/SupportingFiles/Cipele46-Info.plist";
				OTHER_LDFLAGS = "-ObjC";
				PRODUCT_NAME = "$(TARGET_NAME)";
				WRAPPER_EXTENSION = app;
			};
			name = Release;
		};
		94EF26901787CB8800BE46E3 /* Debug */ = {
			isa = XCBuildConfiguration;
			buildSettings = {
				BUNDLE_LOADER = "$(BUILT_PRODUCTS_DIR)/Cipele46.app/Cipele46";
				FRAMEWORK_SEARCH_PATHS = (
					"\"$(SDKROOT)/Developer/Library/Frameworks\"",
					"\"$(DEVELOPER_LIBRARY_DIR)/Frameworks\"",
				);
				GCC_PRECOMPILE_PREFIX_HEADER = YES;
				GCC_PREFIX_HEADER = "Cipele46/SupportingFiles/Cipele46-Prefix.pch";
				INFOPLIST_FILE = "Cipele46Tests/Cipele46Tests-Info.plist";
				PRODUCT_NAME = "$(TARGET_NAME)";
				TEST_HOST = "$(BUNDLE_LOADER)";
				WRAPPER_EXTENSION = octest;
			};
			name = Debug;
		};
		94EF26911787CB8800BE46E3 /* Release */ = {
			isa = XCBuildConfiguration;
			buildSettings = {
				BUNDLE_LOADER = "$(BUILT_PRODUCTS_DIR)/Cipele46.app/Cipele46";
				FRAMEWORK_SEARCH_PATHS = (
					"\"$(SDKROOT)/Developer/Library/Frameworks\"",
					"\"$(DEVELOPER_LIBRARY_DIR)/Frameworks\"",
				);
				GCC_PRECOMPILE_PREFIX_HEADER = YES;
				GCC_PREFIX_HEADER = "Cipele46/SupportingFiles/Cipele46-Prefix.pch";
				INFOPLIST_FILE = "Cipele46Tests/Cipele46Tests-Info.plist";
				PRODUCT_NAME = "$(TARGET_NAME)";
				TEST_HOST = "$(BUNDLE_LOADER)";
				WRAPPER_EXTENSION = octest;
			};
			name = Release;
		};
/* End XCBuildConfiguration section */

/* Begin XCConfigurationList section */
		94EF26411787CB8800BE46E3 /* Build configuration list for PBXProject "Cipele46" */ = {
			isa = XCConfigurationList;
			buildConfigurations = (
				94EF268A1787CB8800BE46E3 /* Debug */,
				94EF268B1787CB8800BE46E3 /* Release */,
			);
			defaultConfigurationIsVisible = 0;
			defaultConfigurationName = Release;
		};
		94EF268C1787CB8800BE46E3 /* Build configuration list for PBXNativeTarget "Cipele46" */ = {
			isa = XCConfigurationList;
			buildConfigurations = (
				94EF268D1787CB8800BE46E3 /* Debug */,
				94EF268E1787CB8800BE46E3 /* Release */,
			);
			defaultConfigurationIsVisible = 0;
			defaultConfigurationName = Release;
		};
		94EF268F1787CB8800BE46E3 /* Build configuration list for PBXNativeTarget "Cipele46Tests" */ = {
			isa = XCConfigurationList;
			buildConfigurations = (
				94EF26901787CB8800BE46E3 /* Debug */,
				94EF26911787CB8800BE46E3 /* Release */,
			);
			defaultConfigurationIsVisible = 0;
			defaultConfigurationName = Release;
		};
/* End XCConfigurationList section */
	};
	rootObject = 94EF263E1787CB8800BE46E3 /* Project object */;
}
